// !$*UTF8*$!
{
	archiveVersion = 1;
	classes = {
	};
	objectVersion = 46;
	objects = {

/* Begin PBXBuildFile section */
		07DBA5481B8E37D80089972F /* LocusLabsSDK.bundle in Resources */ = {isa = PBXBuildFile; fileRef = 07DBA5461B8E37D80089972F /* LocusLabsSDK.bundle */; };
		07DBA5491B8E37D80089972F /* LocusLabsSDK.framework in Frameworks */ = {isa = PBXBuildFile; fileRef = 07DBA5471B8E37D80089972F /* LocusLabsSDK.framework */; };
		07DBA54C1B8E39BF0089972F /* MapViewController.m in Sources */ = {isa = PBXBuildFile; fileRef = 07DBA54B1B8E39BF0089972F /* MapViewController.m */; };
		6E451AD71B88AE4D007188AB /* main.m in Sources */ = {isa = PBXBuildFile; fileRef = 6E451AD61B88AE4D007188AB /* main.m */; };
		6E451ADA1B88AE4D007188AB /* AppDelegate.m in Sources */ = {isa = PBXBuildFile; fileRef = 6E451AD91B88AE4D007188AB /* AppDelegate.m */; };
		6E451ADD1B88AE4D007188AB /* DubaiConnect.xcdatamodeld in Sources */ = {isa = PBXBuildFile; fileRef = 6E451ADB1B88AE4D007188AB /* DubaiConnect.xcdatamodeld */; };
		6E451AE01B88AE4D007188AB /* DCTimeLineViewController.m in Sources */ = {isa = PBXBuildFile; fileRef = 6E451ADF1B88AE4D007188AB /* DCTimeLineViewController.m */; };
		6E451AE31B88AE4D007188AB /* Main.storyboard in Resources */ = {isa = PBXBuildFile; fileRef = 6E451AE11B88AE4D007188AB /* Main.storyboard */; };
		6E451AE81B88AE4D007188AB /* LaunchScreen.xib in Resources */ = {isa = PBXBuildFile; fileRef = 6E451AE61B88AE4D007188AB /* LaunchScreen.xib */; };
		6E451AF41B88AE4D007188AB /* DubaiConnectTests.m in Sources */ = {isa = PBXBuildFile; fileRef = 6E451AF31B88AE4D007188AB /* DubaiConnectTests.m */; };
		6E451AFE1B88B024007188AB /* Images.xcassets in Resources */ = {isa = PBXBuildFile; fileRef = 6E451AFD1B88B024007188AB /* Images.xcassets */; };
		6E451B021B88B2EB007188AB /* DCTimeLineDetailViewController.m in Sources */ = {isa = PBXBuildFile; fileRef = 6E451B001B88B2EB007188AB /* DCTimeLineDetailViewController.m */; };
		6E451B091B88B763007188AB /* QuadCurveMenu.m in Sources */ = {isa = PBXBuildFile; fileRef = 6E451B061B88B763007188AB /* QuadCurveMenu.m */; settings = {COMPILER_FLAGS = "-fno-objc-arc"; }; };
		6E451B0A1B88B763007188AB /* QuadCurveMenuItem.m in Sources */ = {isa = PBXBuildFile; fileRef = 6E451B081B88B763007188AB /* QuadCurveMenuItem.m */; settings = {COMPILER_FLAGS = "-fno-objc-arc"; }; };
		6E451B0F1B88B7D2007188AB /* QuartzCore.framework in Frameworks */ = {isa = PBXBuildFile; fileRef = 6E451B0E1B88B7D2007188AB /* QuartzCore.framework */; };
		6E451B1F1B88BC8C007188AB /* bg-addbutton-highlighted.png in Resources */ = {isa = PBXBuildFile; fileRef = 6E451B111B88BC8C007188AB /* bg-addbutton-highlighted.png */; };
		6E451B201B88BC8C007188AB /* bg-addbutton-highlighted@2x.png in Resources */ = {isa = PBXBuildFile; fileRef = 6E451B121B88BC8C007188AB /* bg-addbutton-highlighted@2x.png */; };
		6E451B211B88BC8C007188AB /* bg-addbutton.png in Resources */ = {isa = PBXBuildFile; fileRef = 6E451B131B88BC8C007188AB /* bg-addbutton.png */; };
		6E451B221B88BC8C007188AB /* bg-addbutton@2x.png in Resources */ = {isa = PBXBuildFile; fileRef = 6E451B141B88BC8C007188AB /* bg-addbutton@2x.png */; };
		6E451B231B88BC8C007188AB /* bg-menuitem-highlighted.png in Resources */ = {isa = PBXBuildFile; fileRef = 6E451B151B88BC8C007188AB /* bg-menuitem-highlighted.png */; };
		6E451B241B88BC8C007188AB /* bg-menuitem-highlighted@2x.png in Resources */ = {isa = PBXBuildFile; fileRef = 6E451B161B88BC8C007188AB /* bg-menuitem-highlighted@2x.png */; };
		6E451B251B88BC8C007188AB /* bg-menuitem.png in Resources */ = {isa = PBXBuildFile; fileRef = 6E451B171B88BC8C007188AB /* bg-menuitem.png */; };
		6E451B261B88BC8C007188AB /* bg-menuitem@2x.png in Resources */ = {isa = PBXBuildFile; fileRef = 6E451B181B88BC8C007188AB /* bg-menuitem@2x.png */; };
		6E451B271B88BC8C007188AB /* icon-plus-highlighted.png in Resources */ = {isa = PBXBuildFile; fileRef = 6E451B191B88BC8C007188AB /* icon-plus-highlighted.png */; };
		6E451B281B88BC8C007188AB /* icon-plus-highlighted@2x.png in Resources */ = {isa = PBXBuildFile; fileRef = 6E451B1A1B88BC8C007188AB /* icon-plus-highlighted@2x.png */; };
		6E451B291B88BC8C007188AB /* icon-plus.png in Resources */ = {isa = PBXBuildFile; fileRef = 6E451B1B1B88BC8C007188AB /* icon-plus.png */; };
		6E451B2A1B88BC8C007188AB /* icon-plus@2x.png in Resources */ = {isa = PBXBuildFile; fileRef = 6E451B1C1B88BC8C007188AB /* icon-plus@2x.png */; };
		6E451B2B1B88BC8C007188AB /* icon-star.png in Resources */ = {isa = PBXBuildFile; fileRef = 6E451B1D1B88BC8C007188AB /* icon-star.png */; };
		6E451B2C1B88BC8C007188AB /* icon-star@2x.png in Resources */ = {isa = PBXBuildFile; fileRef = 6E451B1E1B88BC8C007188AB /* icon-star@2x.png */; };
		6E4973211B90D96B00DBC922 /* Default.jpg in Resources */ = {isa = PBXBuildFile; fileRef = 6E49730D1B90D96B00DBC922 /* Default.jpg */; };
		6E4973291B90D96B00DBC922 /* like.png in Resources */ = {isa = PBXBuildFile; fileRef = 6E4973151B90D96B00DBC922 /* like.png */; };
		6E49732A1B90D96B00DBC922 /* loc1.jpeg in Resources */ = {isa = PBXBuildFile; fileRef = 6E4973161B90D96B00DBC922 /* loc1.jpeg */; };
		6E49732B1B90D96B00DBC922 /* loc2.png in Resources */ = {isa = PBXBuildFile; fileRef = 6E4973171B90D96B00DBC922 /* loc2.png */; };
		6E49732C1B90D96B00DBC922 /* Metro.png in Resources */ = {isa = PBXBuildFile; fileRef = 6E4973181B90D96B00DBC922 /* Metro.png */; };
		6E49732D1B90D96B00DBC922 /* Minus.png in Resources */ = {isa = PBXBuildFile; fileRef = 6E4973191B90D96B00DBC922 /* Minus.png */; };
		6E49732E1B90D96B00DBC922 /* Plus.png in Resources */ = {isa = PBXBuildFile; fileRef = 6E49731A1B90D96B00DBC922 /* Plus.png */; };
		6E49732F1B90D96B00DBC922 /* RedAlert.jpeg in Resources */ = {isa = PBXBuildFile; fileRef = 6E49731B1B90D96B00DBC922 /* RedAlert.jpeg */; };
		6E4973301B90D96B00DBC922 /* Sunny.png in Resources */ = {isa = PBXBuildFile; fileRef = 6E49731C1B90D96B00DBC922 /* Sunny.png */; };
		6E4973311B90D96B00DBC922 /* Uber.jpeg in Resources */ = {isa = PBXBuildFile; fileRef = 6E49731D1B90D96B00DBC922 /* Uber.jpeg */; };
		6E4973321B90D96B00DBC922 /* dayNight.gif in Resources */ = {isa = PBXBuildFile; fileRef = 6E49731E1B90D96B00DBC922 /* dayNight.gif */; };
		6E4973331B90D96B00DBC922 /* dubai11.gif in Resources */ = {isa = PBXBuildFile; fileRef = 6E49731F1B90D96B00DBC922 /* dubai11.gif */; };
		6E4973341B90D96B00DBC922 /* walk.png in Resources */ = {isa = PBXBuildFile; fileRef = 6E4973201B90D96B00DBC922 /* walk.png */; };
		6E4E0CE11B8B9A23003A3F60 /* SquareCashStyleBar.m in Sources */ = {isa = PBXBuildFile; fileRef = 6E4E0CE01B8B9A23003A3F60 /* SquareCashStyleBar.m */; };
		6E4E0CF11B8B9A5E003A3F60 /* BLKDelegateSplitter.m in Sources */ = {isa = PBXBuildFile; fileRef = 6E4E0CE41B8B9A5E003A3F60 /* BLKDelegateSplitter.m */; };
		6E4E0CF21B8B9A5E003A3F60 /* BLKFlexibleHeightBar.m in Sources */ = {isa = PBXBuildFile; fileRef = 6E4E0CE61B8B9A5E003A3F60 /* BLKFlexibleHeightBar.m */; };
		6E4E0CF31B8B9A5E003A3F60 /* BLKFlexibleHeightBarBehaviorDefiner.m in Sources */ = {isa = PBXBuildFile; fileRef = 6E4E0CE81B8B9A5E003A3F60 /* BLKFlexibleHeightBarBehaviorDefiner.m */; };
		6E4E0CF41B8B9A5E003A3F60 /* BLKFlexibleHeightBarSubviewLayoutAttributes.m in Sources */ = {isa = PBXBuildFile; fileRef = 6E4E0CEA1B8B9A5E003A3F60 /* BLKFlexibleHeightBarSubviewLayoutAttributes.m */; };
		6E4E0CF61B8B9A5E003A3F60 /* DCSquareCashStyleBehaviorDefiner.m in Sources */ = {isa = PBXBuildFile; fileRef = 6E4E0CEE1B8B9A5E003A3F60 /* DCSquareCashStyleBehaviorDefiner.m */; };
		6E4E0CF71B8B9A5E003A3F60 /* UIView+BLKFlexibleHeightBarSubview.m in Sources */ = {isa = PBXBuildFile; fileRef = 6E4E0CF01B8B9A5E003A3F60 /* UIView+BLKFlexibleHeightBarSubview.m */; };
		6E4E0D011B8BB14A003A3F60 /* DCBookingViewController.m in Sources */ = {isa = PBXBuildFile; fileRef = 6E4E0CFF1B8BB14A003A3F60 /* DCBookingViewController.m */; };
		6E4E0D101B8DC3C2003A3F60 /* DCSearchResultsTableViewController.m in Sources */ = {isa = PBXBuildFile; fileRef = 6E4E0D0F1B8DC3C2003A3F60 /* DCSearchResultsTableViewController.m */; };
		6E4E0D211B8DF3B8003A3F60 /* DraggableView.m in Sources */ = {isa = PBXBuildFile; fileRef = 6E4E0D1C1B8DF3B8003A3F60 /* DraggableView.m */; };
		6E4E0D221B8DF3B8003A3F60 /* DraggableViewBackground.m in Sources */ = {isa = PBXBuildFile; fileRef = 6E4E0D1E1B8DF3B8003A3F60 /* DraggableViewBackground.m */; };
		6E4E0D231B8DF3B8003A3F60 /* OverlayView.m in Sources */ = {isa = PBXBuildFile; fileRef = 6E4E0D201B8DF3B8003A3F60 /* OverlayView.m */; };
		6E4E0D261B8E007A003A3F60 /* DCSwipeSplashViewController.m in Sources */ = {isa = PBXBuildFile; fileRef = 6E4E0D251B8E007A003A3F60 /* DCSwipeSplashViewController.m */; };
		6E4E0D281B8E49F8003A3F60 /* banner_dubai_Al_Arab.jpg in Resources */ = {isa = PBXBuildFile; fileRef = 6E4E0D271B8E49F8003A3F60 /* banner_dubai_Al_Arab.jpg */; };
		6E4E0D2B1B8E4CBE003A3F60 /* Burj_Al_Arab400*300.jpg in Resources */ = {isa = PBXBuildFile; fileRef = 6E4E0D291B8E4CBE003A3F60 /* Burj_Al_Arab400*300.jpg */; };
		6E4E0D2C1B8E4CBE003A3F60 /* burj-al-arab-dubai-960x640.jpg in Resources */ = {isa = PBXBuildFile; fileRef = 6E4E0D2A1B8E4CBE003A3F60 /* burj-al-arab-dubai-960x640.jpg */; };
		6E9E9CBE1B90757200EF8E01 /* Emirates SB.otf in Resources */ = {isa = PBXBuildFile; fileRef = 6E9E9CBB1B90757200EF8E01 /* Emirates SB.otf */; };
		6E9E9CBF1B90757200EF8E01 /* Emirates SL.otf in Resources */ = {isa = PBXBuildFile; fileRef = 6E9E9CBC1B90757200EF8E01 /* Emirates SL.otf */; };
		6E9E9CC01B90757200EF8E01 /* Emirates SM.otf in Resources */ = {isa = PBXBuildFile; fileRef = 6E9E9CBD1B90757200EF8E01 /* Emirates SM.otf */; };
		6E9E9CD71B909CEB00EF8E01 /* MPSkewedCell.m in Sources */ = {isa = PBXBuildFile; fileRef = 6E9E9CD21B909CEB00EF8E01 /* MPSkewedCell.m */; };
		6E9E9CD81B909CEB00EF8E01 /* MPSkewedCollectionViewLayoutAttributes.m in Sources */ = {isa = PBXBuildFile; fileRef = 6E9E9CD41B909CEB00EF8E01 /* MPSkewedCollectionViewLayoutAttributes.m */; };
		6E9E9CD91B909CEB00EF8E01 /* MPSkewedParallaxLayout.m in Sources */ = {isa = PBXBuildFile; fileRef = 6E9E9CD61B909CEB00EF8E01 /* MPSkewedParallaxLayout.m */; };
		6E9E9CDC1B909D1200EF8E01 /* MPViewController.m in Sources */ = {isa = PBXBuildFile; fileRef = 6E9E9CDB1B909D1200EF8E01 /* MPViewController.m */; };
		6E9E9CDF1B90A33000EF8E01 /* MPNavigationController.m in Sources */ = {isa = PBXBuildFile; fileRef = 6E9E9CDE1B90A33000EF8E01 /* MPNavigationController.m */; };
		6E9E9CE31B90B21D00EF8E01 /* DCBarCodeVC.m in Sources */ = {isa = PBXBuildFile; fileRef = 6E9E9CE21B90B21D00EF8E01 /* DCBarCodeVC.m */; };
		6EB22D361B90EC6E0029E21B /* DCTimeLineCustomCell.m in Sources */ = {isa = PBXBuildFile; fileRef = 6EB22D351B90EC6E0029E21B /* DCTimeLineCustomCell.m */; };
		6EB22D391B90F8E00029E21B /* dubai_icon.png in Resources */ = {isa = PBXBuildFile; fileRef = 6EB22D381B90F8E00029E21B /* dubai_icon.png */; };
		6EB22D3C1B90FBDE0029E21B /* Arrow_Left2.png in Resources */ = {isa = PBXBuildFile; fileRef = 6EB22D3A1B90FBDE0029E21B /* Arrow_Left2.png */; };
		6EB22D3D1B90FBDE0029E21B /* Arrow_Right2.png in Resources */ = {isa = PBXBuildFile; fileRef = 6EB22D3B1B90FBDE0029E21B /* Arrow_Right2.png */; };
		6EB22D3F1B9100050029E21B /* plus1.png in Resources */ = {isa = PBXBuildFile; fileRef = 6EB22D3E1B9100050029E21B /* plus1.png */; };
		6EB22D421B9101930029E21B /* facebook_Friends.png in Resources */ = {isa = PBXBuildFile; fileRef = 6EB22D401B9101930029E21B /* facebook_Friends.png */; };
		6EB22D431B9101930029E21B /* like_icon.png in Resources */ = {isa = PBXBuildFile; fileRef = 6EB22D411B9101930029E21B /* like_icon.png */; };
		6EB22D451B910AD30029E21B /* popular.png in Resources */ = {isa = PBXBuildFile; fileRef = 6EB22D441B910AD30029E21B /* popular.png */; };
		6EB22D471B91140D0029E21B /* uber.png in Resources */ = {isa = PBXBuildFile; fileRef = 6EB22D461B91140D0029E21B /* uber.png */; };
		6EB22D5B1B9115BE0029E21B /* alarab.jpg in Resources */ = {isa = PBXBuildFile; fileRef = 6EB22D481B9115BE0029E21B /* alarab.jpg */; };
		6EB22D5C1B9115BE0029E21B /* dubai13.tiff in Resources */ = {isa = PBXBuildFile; fileRef = 6EB22D491B9115BE0029E21B /* dubai13.tiff */; };
		6EB22D5D1B9115BE0029E21B /* dubai11.tiff in Resources */ = {isa = PBXBuildFile; fileRef = 6EB22D4A1B9115BE0029E21B /* dubai11.tiff */; };
		6EB22D5E1B9115BE0029E21B /* familyunderwater.jpg in Resources */ = {isa = PBXBuildFile; fileRef = 6EB22D4B1B9115BE0029E21B /* familyunderwater.jpg */; };
		6EB22D5F1B9115BE0029E21B /* dubai-hummer-safari.jpg in Resources */ = {isa = PBXBuildFile; fileRef = 6EB22D4C1B9115BE0029E21B /* dubai-hummer-safari.jpg */; };
		6EB22D601B9115BE0029E21B /* dubai16.tiff in Resources */ = {isa = PBXBuildFile; fileRef = 6EB22D4D1B9115BE0029E21B /* dubai16.tiff */; };
		6EB22D611B9115BE0029E21B /* dubai17.tiff in Resources */ = {isa = PBXBuildFile; fileRef = 6EB22D4E1B9115BE0029E21B /* dubai17.tiff */; };
		6EB22D621B9115BE0029E21B /* wild wadi.jpg in Resources */ = {isa = PBXBuildFile; fileRef = 6EB22D4F1B9115BE0029E21B /* wild wadi.jpg */; };
		6EB22D631B9115BE0029E21B /* dubai15.tiff in Resources */ = {isa = PBXBuildFile; fileRef = 6EB22D501B9115BE0029E21B /* dubai15.tiff */; };
		6EB22D641B9115BE0029E21B /* museum.jpg in Resources */ = {isa = PBXBuildFile; fileRef = 6EB22D511B9115BE0029E21B /* museum.jpg */; };
		6EB22D651B9115BE0029E21B /* goldSouk.jpeg in Resources */ = {isa = PBXBuildFile; fileRef = 6EB22D521B9115BE0029E21B /* goldSouk.jpeg */; };
		6EB22D661B9115BE0029E21B /* kids-beach.jpg in Resources */ = {isa = PBXBuildFile; fileRef = 6EB22D531B9115BE0029E21B /* kids-beach.jpg */; };
		6EB22D671B9115BE0029E21B /* dubai14.tiff in Resources */ = {isa = PBXBuildFile; fileRef = 6EB22D541B9115BE0029E21B /* dubai14.tiff */; };
		6EB22D681B9115BE0029E21B /* dubai12.tiff in Resources */ = {isa = PBXBuildFile; fileRef = 6EB22D551B9115BE0029E21B /* dubai12.tiff */; };
		6EB22D691B9115BE0029E21B /* ski dubai.jpg in Resources */ = {isa = PBXBuildFile; fileRef = 6EB22D561B9115BE0029E21B /* ski dubai.jpg */; };
		6EB22D6A1B9115BE0029E21B /* Airport2.png in Resources */ = {isa = PBXBuildFile; fileRef = 6EB22D571B9115BE0029E21B /* Airport2.png */; };
		6EB22D6B1B9115BE0029E21B /* Dubai-Dolphinarium.jpg in Resources */ = {isa = PBXBuildFile; fileRef = 6EB22D581B9115BE0029E21B /* Dubai-Dolphinarium.jpg */; };
		6EB22D6C1B9115BE0029E21B /* Airport1.png in Resources */ = {isa = PBXBuildFile; fileRef = 6EB22D591B9115BE0029E21B /* Airport1.png */; };
		6EB22D6D1B9115BE0029E21B /* Zoo.jpeg in Resources */ = {isa = PBXBuildFile; fileRef = 6EB22D5A1B9115BE0029E21B /* Zoo.jpeg */; };
		6ED5D4201B90CE8E00977FE4 /* MTBBarcodeScanner.m in Sources */ = {isa = PBXBuildFile; fileRef = 6ED5D41F1B90CE8E00977FE4 /* MTBBarcodeScanner.m */; };
		6ED5D4231B90D0F600977FE4 /* DCScannerVC.m in Sources */ = {isa = PBXBuildFile; fileRef = 6ED5D4221B90D0F600977FE4 /* DCScannerVC.m */; };
		9A44208E1B903B7900C1CF9A /* DCTimeLine.m in Sources */ = {isa = PBXBuildFile; fileRef = 9A44208C1B903B7800C1CF9A /* DCTimeLine.m */; };
		9A44208F1B903B7900C1CF9A /* DCTimeLineCustomCell.xib in Resources */ = {isa = PBXBuildFile; fileRef = 9A44208D1B903B7800C1CF9A /* DCTimeLineCustomCell.xib */; };
		9A4420921B903D0C00C1CF9A /* Dubai.jpg in Resources */ = {isa = PBXBuildFile; fileRef = 9A4420901B903D0C00C1CF9A /* Dubai.jpg */; };
		9A4420931B903D0C00C1CF9A /* khalifa.jpg in Resources */ = {isa = PBXBuildFile; fileRef = 9A4420911B903D0C00C1CF9A /* khalifa.jpg */; };
		9AD5D66C1B8B5A2D00DD10DC /* DCLoginViewController.m in Sources */ = {isa = PBXBuildFile; fileRef = 9AD5D66B1B8B5A2D00DD10DC /* DCLoginViewController.m */; };
		9AD5D6741B8B5ADB00DD10DC /* FBSDKCoreKit.framework in Frameworks */ = {isa = PBXBuildFile; fileRef = 9AD5D6721B8B5ADB00DD10DC /* FBSDKCoreKit.framework */; };
		9AD5D6751B8B5ADB00DD10DC /* FBSDKLoginKit.framework in Frameworks */ = {isa = PBXBuildFile; fileRef = 9AD5D6731B8B5ADB00DD10DC /* FBSDKLoginKit.framework */; };
		9AD5D6771B8B5BAC00DD10DC /* Facebook.png in Resources */ = {isa = PBXBuildFile; fileRef = 9AD5D6761B8B5BAC00DD10DC /* Facebook.png */; };
		9AD5D67E1B8B5C1C00DD10DC /* DCFacebookManager.m in Sources */ = {isa = PBXBuildFile; fileRef = 9AD5D67A1B8B5C1C00DD10DC /* DCFacebookManager.m */; };
		9AD5D67F1B8B5C1C00DD10DC /* ServiceCallManager.m in Sources */ = {isa = PBXBuildFile; fileRef = 9AD5D67D1B8B5C1C00DD10DC /* ServiceCallManager.m */; };
/* End PBXBuildFile section */

/* Begin PBXContainerItemProxy section */
		6E451AEE1B88AE4D007188AB /* PBXContainerItemProxy */ = {
			isa = PBXContainerItemProxy;
			containerPortal = 6E451AC91B88AE4D007188AB /* Project object */;
			proxyType = 1;
			remoteGlobalIDString = 6E451AD01B88AE4D007188AB;
			remoteInfo = DubaiConnect;
		};
/* End PBXContainerItemProxy section */

/* Begin PBXFileReference section */
		07DBA5461B8E37D80089972F /* LocusLabsSDK.bundle */ = {isa = PBXFileReference; lastKnownFileType = "wrapper.plug-in"; path = LocusLabsSDK.bundle; sourceTree = "<group>"; };
		07DBA5471B8E37D80089972F /* LocusLabsSDK.framework */ = {isa = PBXFileReference; lastKnownFileType = wrapper.framework; path = LocusLabsSDK.framework; sourceTree = "<group>"; };
		07DBA54A1B8E39BF0089972F /* MapViewController.h */ = {isa = PBXFileReference; fileEncoding = 4; lastKnownFileType = sourcecode.c.h; path = MapViewController.h; sourceTree = "<group>"; };
		07DBA54B1B8E39BF0089972F /* MapViewController.m */ = {isa = PBXFileReference; fileEncoding = 4; lastKnownFileType = sourcecode.c.objc; path = MapViewController.m; sourceTree = "<group>"; };
		6E451AD11B88AE4D007188AB /* DubaiConnect.app */ = {isa = PBXFileReference; explicitFileType = wrapper.application; includeInIndex = 0; path = DubaiConnect.app; sourceTree = BUILT_PRODUCTS_DIR; };
		6E451AD51B88AE4D007188AB /* Info.plist */ = {isa = PBXFileReference; lastKnownFileType = text.plist.xml; path = Info.plist; sourceTree = "<group>"; };
		6E451AD61B88AE4D007188AB /* main.m */ = {isa = PBXFileReference; lastKnownFileType = sourcecode.c.objc; path = main.m; sourceTree = "<group>"; };
		6E451AD81B88AE4D007188AB /* AppDelegate.h */ = {isa = PBXFileReference; lastKnownFileType = sourcecode.c.h; path = AppDelegate.h; sourceTree = "<group>"; };
		6E451AD91B88AE4D007188AB /* AppDelegate.m */ = {isa = PBXFileReference; lastKnownFileType = sourcecode.c.objc; path = AppDelegate.m; sourceTree = "<group>"; };
		6E451ADC1B88AE4D007188AB /* DubaiConnect.xcdatamodel */ = {isa = PBXFileReference; lastKnownFileType = wrapper.xcdatamodel; path = DubaiConnect.xcdatamodel; sourceTree = "<group>"; };
		6E451ADE1B88AE4D007188AB /* DCTimeLineViewController.h */ = {isa = PBXFileReference; lastKnownFileType = sourcecode.c.h; path = DCTimeLineViewController.h; sourceTree = "<group>"; };
		6E451ADF1B88AE4D007188AB /* DCTimeLineViewController.m */ = {isa = PBXFileReference; lastKnownFileType = sourcecode.c.objc; path = DCTimeLineViewController.m; sourceTree = "<group>"; };
		6E451AE21B88AE4D007188AB /* Base */ = {isa = PBXFileReference; lastKnownFileType = file.storyboard; name = Base; path = Base.lproj/Main.storyboard; sourceTree = "<group>"; };
		6E451AE71B88AE4D007188AB /* Base */ = {isa = PBXFileReference; lastKnownFileType = file.xib; name = Base; path = Base.lproj/LaunchScreen.xib; sourceTree = "<group>"; };
		6E451AED1B88AE4D007188AB /* DubaiConnectTests.xctest */ = {isa = PBXFileReference; explicitFileType = wrapper.cfbundle; includeInIndex = 0; path = DubaiConnectTests.xctest; sourceTree = BUILT_PRODUCTS_DIR; };
		6E451AF21B88AE4D007188AB /* Info.plist */ = {isa = PBXFileReference; lastKnownFileType = text.plist.xml; path = Info.plist; sourceTree = "<group>"; };
		6E451AF31B88AE4D007188AB /* DubaiConnectTests.m */ = {isa = PBXFileReference; lastKnownFileType = sourcecode.c.objc; path = DubaiConnectTests.m; sourceTree = "<group>"; };
		6E451AFD1B88B024007188AB /* Images.xcassets */ = {isa = PBXFileReference; lastKnownFileType = folder.assetcatalog; path = Images.xcassets; sourceTree = "<group>"; };
		6E451AFF1B88B2EB007188AB /* DCTimeLineDetailViewController.h */ = {isa = PBXFileReference; fileEncoding = 4; lastKnownFileType = sourcecode.c.h; path = DCTimeLineDetailViewController.h; sourceTree = "<group>"; };
		6E451B001B88B2EB007188AB /* DCTimeLineDetailViewController.m */ = {isa = PBXFileReference; fileEncoding = 4; lastKnownFileType = sourcecode.c.objc; path = DCTimeLineDetailViewController.m; sourceTree = "<group>"; };
		6E451B051B88B763007188AB /* QuadCurveMenu.h */ = {isa = PBXFileReference; fileEncoding = 4; lastKnownFileType = sourcecode.c.h; path = QuadCurveMenu.h; sourceTree = "<group>"; };
		6E451B061B88B763007188AB /* QuadCurveMenu.m */ = {isa = PBXFileReference; fileEncoding = 4; lastKnownFileType = sourcecode.c.objc; path = QuadCurveMenu.m; sourceTree = "<group>"; };
		6E451B071B88B763007188AB /* QuadCurveMenuItem.h */ = {isa = PBXFileReference; fileEncoding = 4; lastKnownFileType = sourcecode.c.h; path = QuadCurveMenuItem.h; sourceTree = "<group>"; };
		6E451B081B88B763007188AB /* QuadCurveMenuItem.m */ = {isa = PBXFileReference; fileEncoding = 4; lastKnownFileType = sourcecode.c.objc; path = QuadCurveMenuItem.m; sourceTree = "<group>"; };
		6E451B0E1B88B7D2007188AB /* QuartzCore.framework */ = {isa = PBXFileReference; lastKnownFileType = wrapper.framework; name = QuartzCore.framework; path = System/Library/Frameworks/QuartzCore.framework; sourceTree = SDKROOT; };
		6E451B111B88BC8C007188AB /* bg-addbutton-highlighted.png */ = {isa = PBXFileReference; lastKnownFileType = image.png; path = "bg-addbutton-highlighted.png"; sourceTree = "<group>"; };
		6E451B121B88BC8C007188AB /* bg-addbutton-highlighted@2x.png */ = {isa = PBXFileReference; lastKnownFileType = image.png; path = "bg-addbutton-highlighted@2x.png"; sourceTree = "<group>"; };
		6E451B131B88BC8C007188AB /* bg-addbutton.png */ = {isa = PBXFileReference; lastKnownFileType = image.png; path = "bg-addbutton.png"; sourceTree = "<group>"; };
		6E451B141B88BC8C007188AB /* bg-addbutton@2x.png */ = {isa = PBXFileReference; lastKnownFileType = image.png; path = "bg-addbutton@2x.png"; sourceTree = "<group>"; };
		6E451B151B88BC8C007188AB /* bg-menuitem-highlighted.png */ = {isa = PBXFileReference; lastKnownFileType = image.png; path = "bg-menuitem-highlighted.png"; sourceTree = "<group>"; };
		6E451B161B88BC8C007188AB /* bg-menuitem-highlighted@2x.png */ = {isa = PBXFileReference; lastKnownFileType = image.png; path = "bg-menuitem-highlighted@2x.png"; sourceTree = "<group>"; };
		6E451B171B88BC8C007188AB /* bg-menuitem.png */ = {isa = PBXFileReference; lastKnownFileType = image.png; path = "bg-menuitem.png"; sourceTree = "<group>"; };
		6E451B181B88BC8C007188AB /* bg-menuitem@2x.png */ = {isa = PBXFileReference; lastKnownFileType = image.png; path = "bg-menuitem@2x.png"; sourceTree = "<group>"; };
		6E451B191B88BC8C007188AB /* icon-plus-highlighted.png */ = {isa = PBXFileReference; lastKnownFileType = image.png; path = "icon-plus-highlighted.png"; sourceTree = "<group>"; };
		6E451B1A1B88BC8C007188AB /* icon-plus-highlighted@2x.png */ = {isa = PBXFileReference; lastKnownFileType = image.png; path = "icon-plus-highlighted@2x.png"; sourceTree = "<group>"; };
		6E451B1B1B88BC8C007188AB /* icon-plus.png */ = {isa = PBXFileReference; lastKnownFileType = image.png; path = "icon-plus.png"; sourceTree = "<group>"; };
		6E451B1C1B88BC8C007188AB /* icon-plus@2x.png */ = {isa = PBXFileReference; lastKnownFileType = image.png; path = "icon-plus@2x.png"; sourceTree = "<group>"; };
		6E451B1D1B88BC8C007188AB /* icon-star.png */ = {isa = PBXFileReference; lastKnownFileType = image.png; path = "icon-star.png"; sourceTree = "<group>"; };
		6E451B1E1B88BC8C007188AB /* icon-star@2x.png */ = {isa = PBXFileReference; lastKnownFileType = image.png; path = "icon-star@2x.png"; sourceTree = "<group>"; };
		6E49730D1B90D96B00DBC922 /* Default.jpg */ = {isa = PBXFileReference; lastKnownFileType = image.jpeg; path = Default.jpg; sourceTree = "<group>"; };
		6E4973151B90D96B00DBC922 /* like.png */ = {isa = PBXFileReference; lastKnownFileType = image.png; path = like.png; sourceTree = "<group>"; };
		6E4973161B90D96B00DBC922 /* loc1.jpeg */ = {isa = PBXFileReference; lastKnownFileType = image.jpeg; path = loc1.jpeg; sourceTree = "<group>"; };
		6E4973171B90D96B00DBC922 /* loc2.png */ = {isa = PBXFileReference; lastKnownFileType = image.png; path = loc2.png; sourceTree = "<group>"; };
		6E4973181B90D96B00DBC922 /* Metro.png */ = {isa = PBXFileReference; lastKnownFileType = image.png; path = Metro.png; sourceTree = "<group>"; };
		6E4973191B90D96B00DBC922 /* Minus.png */ = {isa = PBXFileReference; lastKnownFileType = image.png; path = Minus.png; sourceTree = "<group>"; };
		6E49731A1B90D96B00DBC922 /* Plus.png */ = {isa = PBXFileReference; lastKnownFileType = image.png; path = Plus.png; sourceTree = "<group>"; };
		6E49731B1B90D96B00DBC922 /* RedAlert.jpeg */ = {isa = PBXFileReference; lastKnownFileType = image.jpeg; path = RedAlert.jpeg; sourceTree = "<group>"; };
		6E49731C1B90D96B00DBC922 /* Sunny.png */ = {isa = PBXFileReference; lastKnownFileType = image.png; path = Sunny.png; sourceTree = "<group>"; };
		6E49731D1B90D96B00DBC922 /* Uber.jpeg */ = {isa = PBXFileReference; lastKnownFileType = image.jpeg; path = Uber.jpeg; sourceTree = "<group>"; };
		6E49731E1B90D96B00DBC922 /* dayNight.gif */ = {isa = PBXFileReference; lastKnownFileType = image.gif; path = dayNight.gif; sourceTree = "<group>"; };
		6E49731F1B90D96B00DBC922 /* dubai11.gif */ = {isa = PBXFileReference; lastKnownFileType = image.gif; path = dubai11.gif; sourceTree = "<group>"; };
		6E4973201B90D96B00DBC922 /* walk.png */ = {isa = PBXFileReference; lastKnownFileType = image.png; path = walk.png; sourceTree = "<group>"; };
		6E4E0CDF1B8B9A23003A3F60 /* SquareCashStyleBar.h */ = {isa = PBXFileReference; fileEncoding = 4; lastKnownFileType = sourcecode.c.h; path = SquareCashStyleBar.h; sourceTree = "<group>"; };
		6E4E0CE01B8B9A23003A3F60 /* SquareCashStyleBar.m */ = {isa = PBXFileReference; fileEncoding = 4; lastKnownFileType = sourcecode.c.objc; path = SquareCashStyleBar.m; sourceTree = "<group>"; };
		6E4E0CE31B8B9A5E003A3F60 /* BLKDelegateSplitter.h */ = {isa = PBXFileReference; fileEncoding = 4; lastKnownFileType = sourcecode.c.h; path = BLKDelegateSplitter.h; sourceTree = "<group>"; };
		6E4E0CE41B8B9A5E003A3F60 /* BLKDelegateSplitter.m */ = {isa = PBXFileReference; fileEncoding = 4; lastKnownFileType = sourcecode.c.objc; path = BLKDelegateSplitter.m; sourceTree = "<group>"; };
		6E4E0CE51B8B9A5E003A3F60 /* BLKFlexibleHeightBar.h */ = {isa = PBXFileReference; fileEncoding = 4; lastKnownFileType = sourcecode.c.h; path = BLKFlexibleHeightBar.h; sourceTree = "<group>"; };
		6E4E0CE61B8B9A5E003A3F60 /* BLKFlexibleHeightBar.m */ = {isa = PBXFileReference; fileEncoding = 4; lastKnownFileType = sourcecode.c.objc; path = BLKFlexibleHeightBar.m; sourceTree = "<group>"; };
		6E4E0CE71B8B9A5E003A3F60 /* BLKFlexibleHeightBarBehaviorDefiner.h */ = {isa = PBXFileReference; fileEncoding = 4; lastKnownFileType = sourcecode.c.h; path = BLKFlexibleHeightBarBehaviorDefiner.h; sourceTree = "<group>"; };
		6E4E0CE81B8B9A5E003A3F60 /* BLKFlexibleHeightBarBehaviorDefiner.m */ = {isa = PBXFileReference; fileEncoding = 4; lastKnownFileType = sourcecode.c.objc; path = BLKFlexibleHeightBarBehaviorDefiner.m; sourceTree = "<group>"; };
		6E4E0CE91B8B9A5E003A3F60 /* BLKFlexibleHeightBarSubviewLayoutAttributes.h */ = {isa = PBXFileReference; fileEncoding = 4; lastKnownFileType = sourcecode.c.h; path = BLKFlexibleHeightBarSubviewLayoutAttributes.h; sourceTree = "<group>"; };
		6E4E0CEA1B8B9A5E003A3F60 /* BLKFlexibleHeightBarSubviewLayoutAttributes.m */ = {isa = PBXFileReference; fileEncoding = 4; lastKnownFileType = sourcecode.c.objc; path = BLKFlexibleHeightBarSubviewLayoutAttributes.m; sourceTree = "<group>"; };
		6E4E0CED1B8B9A5E003A3F60 /* DCSquareCashStyleBehaviorDefiner.h */ = {isa = PBXFileReference; fileEncoding = 4; lastKnownFileType = sourcecode.c.h; path = DCSquareCashStyleBehaviorDefiner.h; sourceTree = "<group>"; };
		6E4E0CEE1B8B9A5E003A3F60 /* DCSquareCashStyleBehaviorDefiner.m */ = {isa = PBXFileReference; fileEncoding = 4; lastKnownFileType = sourcecode.c.objc; path = DCSquareCashStyleBehaviorDefiner.m; sourceTree = "<group>"; };
		6E4E0CEF1B8B9A5E003A3F60 /* UIView+BLKFlexibleHeightBarSubview.h */ = {isa = PBXFileReference; fileEncoding = 4; lastKnownFileType = sourcecode.c.h; path = "UIView+BLKFlexibleHeightBarSubview.h"; sourceTree = "<group>"; };
		6E4E0CF01B8B9A5E003A3F60 /* UIView+BLKFlexibleHeightBarSubview.m */ = {isa = PBXFileReference; fileEncoding = 4; lastKnownFileType = sourcecode.c.objc; path = "UIView+BLKFlexibleHeightBarSubview.m"; sourceTree = "<group>"; };
		6E4E0CFE1B8BB14A003A3F60 /* DCBookingViewController.h */ = {isa = PBXFileReference; fileEncoding = 4; lastKnownFileType = sourcecode.c.h; name = DCBookingViewController.h; path = ../DCBookingViewController.h; sourceTree = "<group>"; };
		6E4E0CFF1B8BB14A003A3F60 /* DCBookingViewController.m */ = {isa = PBXFileReference; fileEncoding = 4; lastKnownFileType = sourcecode.c.objc; name = DCBookingViewController.m; path = ../DCBookingViewController.m; sourceTree = "<group>"; };
		6E4E0D0E1B8DC3C2003A3F60 /* DCSearchResultsTableViewController.h */ = {isa = PBXFileReference; fileEncoding = 4; lastKnownFileType = sourcecode.c.h; path = DCSearchResultsTableViewController.h; sourceTree = "<group>"; };
		6E4E0D0F1B8DC3C2003A3F60 /* DCSearchResultsTableViewController.m */ = {isa = PBXFileReference; fileEncoding = 4; lastKnownFileType = sourcecode.c.objc; path = DCSearchResultsTableViewController.m; sourceTree = "<group>"; };
		6E4E0D1B1B8DF3B8003A3F60 /* DraggableView.h */ = {isa = PBXFileReference; fileEncoding = 4; lastKnownFileType = sourcecode.c.h; path = DraggableView.h; sourceTree = "<group>"; };
		6E4E0D1C1B8DF3B8003A3F60 /* DraggableView.m */ = {isa = PBXFileReference; fileEncoding = 4; lastKnownFileType = sourcecode.c.objc; path = DraggableView.m; sourceTree = "<group>"; };
		6E4E0D1D1B8DF3B8003A3F60 /* DraggableViewBackground.h */ = {isa = PBXFileReference; fileEncoding = 4; lastKnownFileType = sourcecode.c.h; path = DraggableViewBackground.h; sourceTree = "<group>"; };
		6E4E0D1E1B8DF3B8003A3F60 /* DraggableViewBackground.m */ = {isa = PBXFileReference; fileEncoding = 4; lastKnownFileType = sourcecode.c.objc; path = DraggableViewBackground.m; sourceTree = "<group>"; };
		6E4E0D1F1B8DF3B8003A3F60 /* OverlayView.h */ = {isa = PBXFileReference; fileEncoding = 4; lastKnownFileType = sourcecode.c.h; path = OverlayView.h; sourceTree = "<group>"; };
		6E4E0D201B8DF3B8003A3F60 /* OverlayView.m */ = {isa = PBXFileReference; fileEncoding = 4; lastKnownFileType = sourcecode.c.objc; path = OverlayView.m; sourceTree = "<group>"; };
		6E4E0D241B8E007A003A3F60 /* DCSwipeSplashViewController.h */ = {isa = PBXFileReference; fileEncoding = 4; lastKnownFileType = sourcecode.c.h; name = DCSwipeSplashViewController.h; path = DubaiConnect/DCSwipeSplashViewController.h; sourceTree = SOURCE_ROOT; };
		6E4E0D251B8E007A003A3F60 /* DCSwipeSplashViewController.m */ = {isa = PBXFileReference; fileEncoding = 4; lastKnownFileType = sourcecode.c.objc; name = DCSwipeSplashViewController.m; path = DubaiConnect/DCSwipeSplashViewController.m; sourceTree = SOURCE_ROOT; };
		6E4E0D271B8E49F8003A3F60 /* banner_dubai_Al_Arab.jpg */ = {isa = PBXFileReference; lastKnownFileType = image.jpeg; path = banner_dubai_Al_Arab.jpg; sourceTree = "<group>"; };
		6E4E0D291B8E4CBE003A3F60 /* Burj_Al_Arab400*300.jpg */ = {isa = PBXFileReference; lastKnownFileType = image.jpeg; path = "Burj_Al_Arab400*300.jpg"; sourceTree = "<group>"; };
		6E4E0D2A1B8E4CBE003A3F60 /* burj-al-arab-dubai-960x640.jpg */ = {isa = PBXFileReference; lastKnownFileType = image.jpeg; path = "burj-al-arab-dubai-960x640.jpg"; sourceTree = "<group>"; };
		6E9E9CBB1B90757200EF8E01 /* Emirates SB.otf */ = {isa = PBXFileReference; lastKnownFileType = file; path = "Emirates SB.otf"; sourceTree = "<group>"; };
		6E9E9CBC1B90757200EF8E01 /* Emirates SL.otf */ = {isa = PBXFileReference; lastKnownFileType = file; path = "Emirates SL.otf"; sourceTree = "<group>"; };
		6E9E9CBD1B90757200EF8E01 /* Emirates SM.otf */ = {isa = PBXFileReference; lastKnownFileType = file; path = "Emirates SM.otf"; sourceTree = "<group>"; };
		6E9E9CD11B909CEB00EF8E01 /* MPSkewedCell.h */ = {isa = PBXFileReference; fileEncoding = 4; lastKnownFileType = sourcecode.c.h; path = MPSkewedCell.h; sourceTree = "<group>"; };
		6E9E9CD21B909CEB00EF8E01 /* MPSkewedCell.m */ = {isa = PBXFileReference; fileEncoding = 4; lastKnownFileType = sourcecode.c.objc; path = MPSkewedCell.m; sourceTree = "<group>"; };
		6E9E9CD31B909CEB00EF8E01 /* MPSkewedCollectionViewLayoutAttributes.h */ = {isa = PBXFileReference; fileEncoding = 4; lastKnownFileType = sourcecode.c.h; path = MPSkewedCollectionViewLayoutAttributes.h; sourceTree = "<group>"; };
		6E9E9CD41B909CEB00EF8E01 /* MPSkewedCollectionViewLayoutAttributes.m */ = {isa = PBXFileReference; fileEncoding = 4; lastKnownFileType = sourcecode.c.objc; path = MPSkewedCollectionViewLayoutAttributes.m; sourceTree = "<group>"; };
		6E9E9CD51B909CEB00EF8E01 /* MPSkewedParallaxLayout.h */ = {isa = PBXFileReference; fileEncoding = 4; lastKnownFileType = sourcecode.c.h; path = MPSkewedParallaxLayout.h; sourceTree = "<group>"; };
		6E9E9CD61B909CEB00EF8E01 /* MPSkewedParallaxLayout.m */ = {isa = PBXFileReference; fileEncoding = 4; lastKnownFileType = sourcecode.c.objc; path = MPSkewedParallaxLayout.m; sourceTree = "<group>"; };
		6E9E9CDA1B909D1200EF8E01 /* MPViewController.h */ = {isa = PBXFileReference; fileEncoding = 4; lastKnownFileType = sourcecode.c.h; name = MPViewController.h; path = DubaiConnect/MPViewController.h; sourceTree = SOURCE_ROOT; };
		6E9E9CDB1B909D1200EF8E01 /* MPViewController.m */ = {isa = PBXFileReference; fileEncoding = 4; lastKnownFileType = sourcecode.c.objc; name = MPViewController.m; path = DubaiConnect/MPViewController.m; sourceTree = SOURCE_ROOT; };
		6E9E9CDD1B90A33000EF8E01 /* MPNavigationController.h */ = {isa = PBXFileReference; fileEncoding = 4; lastKnownFileType = sourcecode.c.h; path = MPNavigationController.h; sourceTree = "<group>"; };
		6E9E9CDE1B90A33000EF8E01 /* MPNavigationController.m */ = {isa = PBXFileReference; fileEncoding = 4; lastKnownFileType = sourcecode.c.objc; path = MPNavigationController.m; sourceTree = "<group>"; };
		6E9E9CE11B90B21D00EF8E01 /* DCBarCodeVC.h */ = {isa = PBXFileReference; fileEncoding = 4; lastKnownFileType = sourcecode.c.h; path = DCBarCodeVC.h; sourceTree = "<group>"; };
		6E9E9CE21B90B21D00EF8E01 /* DCBarCodeVC.m */ = {isa = PBXFileReference; fileEncoding = 4; lastKnownFileType = sourcecode.c.objc; path = DCBarCodeVC.m; sourceTree = "<group>"; };
		6EB22D341B90EC6E0029E21B /* DCTimeLineCustomCell.h */ = {isa = PBXFileReference; fileEncoding = 4; lastKnownFileType = sourcecode.c.h; path = DCTimeLineCustomCell.h; sourceTree = "<group>"; };
		6EB22D351B90EC6E0029E21B /* DCTimeLineCustomCell.m */ = {isa = PBXFileReference; fileEncoding = 4; lastKnownFileType = sourcecode.c.objc; path = DCTimeLineCustomCell.m; sourceTree = "<group>"; };
		6EB22D381B90F8E00029E21B /* dubai_icon.png */ = {isa = PBXFileReference; lastKnownFileType = image.png; path = dubai_icon.png; sourceTree = "<group>"; };
		6EB22D3A1B90FBDE0029E21B /* Arrow_Left2.png */ = {isa = PBXFileReference; lastKnownFileType = image.png; path = Arrow_Left2.png; sourceTree = "<group>"; };
		6EB22D3B1B90FBDE0029E21B /* Arrow_Right2.png */ = {isa = PBXFileReference; lastKnownFileType = image.png; path = Arrow_Right2.png; sourceTree = "<group>"; };
		6EB22D3E1B9100050029E21B /* plus1.png */ = {isa = PBXFileReference; lastKnownFileType = image.png; path = plus1.png; sourceTree = "<group>"; };
		6EB22D401B9101930029E21B /* facebook_Friends.png */ = {isa = PBXFileReference; lastKnownFileType = image.png; path = facebook_Friends.png; sourceTree = "<group>"; };
		6EB22D411B9101930029E21B /* like_icon.png */ = {isa = PBXFileReference; lastKnownFileType = image.png; path = like_icon.png; sourceTree = "<group>"; };
		6EB22D441B910AD30029E21B /* popular.png */ = {isa = PBXFileReference; lastKnownFileType = image.png; path = popular.png; sourceTree = "<group>"; };
		6EB22D461B91140D0029E21B /* uber.png */ = {isa = PBXFileReference; lastKnownFileType = image.png; path = uber.png; sourceTree = "<group>"; };
		6EB22D481B9115BE0029E21B /* alarab.jpg */ = {isa = PBXFileReference; lastKnownFileType = image.jpeg; path = alarab.jpg; sourceTree = "<group>"; };
		6EB22D491B9115BE0029E21B /* dubai13.tiff */ = {isa = PBXFileReference; lastKnownFileType = image.tiff; path = dubai13.tiff; sourceTree = "<group>"; };
		6EB22D4A1B9115BE0029E21B /* dubai11.tiff */ = {isa = PBXFileReference; lastKnownFileType = image.tiff; path = dubai11.tiff; sourceTree = "<group>"; };
		6EB22D4B1B9115BE0029E21B /* familyunderwater.jpg */ = {isa = PBXFileReference; lastKnownFileType = image.jpeg; path = familyunderwater.jpg; sourceTree = "<group>"; };
		6EB22D4C1B9115BE0029E21B /* dubai-hummer-safari.jpg */ = {isa = PBXFileReference; lastKnownFileType = image.jpeg; path = "dubai-hummer-safari.jpg"; sourceTree = "<group>"; };
		6EB22D4D1B9115BE0029E21B /* dubai16.tiff */ = {isa = PBXFileReference; lastKnownFileType = image.tiff; path = dubai16.tiff; sourceTree = "<group>"; };
		6EB22D4E1B9115BE0029E21B /* dubai17.tiff */ = {isa = PBXFileReference; lastKnownFileType = image.tiff; path = dubai17.tiff; sourceTree = "<group>"; };
		6EB22D4F1B9115BE0029E21B /* wild wadi.jpg */ = {isa = PBXFileReference; lastKnownFileType = image.jpeg; path = "wild wadi.jpg"; sourceTree = "<group>"; };
		6EB22D501B9115BE0029E21B /* dubai15.tiff */ = {isa = PBXFileReference; lastKnownFileType = image.tiff; path = dubai15.tiff; sourceTree = "<group>"; };
		6EB22D511B9115BE0029E21B /* museum.jpg */ = {isa = PBXFileReference; lastKnownFileType = image.jpeg; path = museum.jpg; sourceTree = "<group>"; };
		6EB22D521B9115BE0029E21B /* goldSouk.jpeg */ = {isa = PBXFileReference; lastKnownFileType = image.jpeg; path = goldSouk.jpeg; sourceTree = "<group>"; };
		6EB22D531B9115BE0029E21B /* kids-beach.jpg */ = {isa = PBXFileReference; lastKnownFileType = image.jpeg; path = "kids-beach.jpg"; sourceTree = "<group>"; };
		6EB22D541B9115BE0029E21B /* dubai14.tiff */ = {isa = PBXFileReference; lastKnownFileType = image.tiff; path = dubai14.tiff; sourceTree = "<group>"; };
		6EB22D551B9115BE0029E21B /* dubai12.tiff */ = {isa = PBXFileReference; lastKnownFileType = image.tiff; path = dubai12.tiff; sourceTree = "<group>"; };
		6EB22D561B9115BE0029E21B /* ski dubai.jpg */ = {isa = PBXFileReference; lastKnownFileType = image.jpeg; path = "ski dubai.jpg"; sourceTree = "<group>"; };
		6EB22D571B9115BE0029E21B /* Airport2.png */ = {isa = PBXFileReference; lastKnownFileType = image.png; path = Airport2.png; sourceTree = "<group>"; };
		6EB22D581B9115BE0029E21B /* Dubai-Dolphinarium.jpg */ = {isa = PBXFileReference; lastKnownFileType = image.jpeg; path = "Dubai-Dolphinarium.jpg"; sourceTree = "<group>"; };
		6EB22D591B9115BE0029E21B /* Airport1.png */ = {isa = PBXFileReference; lastKnownFileType = image.png; path = Airport1.png; sourceTree = "<group>"; };
		6EB22D5A1B9115BE0029E21B /* Zoo.jpeg */ = {isa = PBXFileReference; lastKnownFileType = image.jpeg; path = Zoo.jpeg; sourceTree = "<group>"; };
		6ED5D41E1B90CE8E00977FE4 /* MTBBarcodeScanner.h */ = {isa = PBXFileReference; fileEncoding = 4; lastKnownFileType = sourcecode.c.h; path = MTBBarcodeScanner.h; sourceTree = "<group>"; };
		6ED5D41F1B90CE8E00977FE4 /* MTBBarcodeScanner.m */ = {isa = PBXFileReference; fileEncoding = 4; lastKnownFileType = sourcecode.c.objc; path = MTBBarcodeScanner.m; sourceTree = "<group>"; };
		6ED5D4211B90D0F600977FE4 /* DCScannerVC.h */ = {isa = PBXFileReference; fileEncoding = 4; lastKnownFileType = sourcecode.c.h; path = DCScannerVC.h; sourceTree = "<group>"; };
		6ED5D4221B90D0F600977FE4 /* DCScannerVC.m */ = {isa = PBXFileReference; fileEncoding = 4; lastKnownFileType = sourcecode.c.objc; path = DCScannerVC.m; sourceTree = "<group>"; };
		9A44208B1B903B7800C1CF9A /* DCTimeLine.h */ = {isa = PBXFileReference; fileEncoding = 4; lastKnownFileType = sourcecode.c.h; path = DCTimeLine.h; sourceTree = "<group>"; };
		9A44208C1B903B7800C1CF9A /* DCTimeLine.m */ = {isa = PBXFileReference; fileEncoding = 4; lastKnownFileType = sourcecode.c.objc; path = DCTimeLine.m; sourceTree = "<group>"; };
		9A44208D1B903B7800C1CF9A /* DCTimeLineCustomCell.xib */ = {isa = PBXFileReference; fileEncoding = 4; lastKnownFileType = file.xib; path = DCTimeLineCustomCell.xib; sourceTree = "<group>"; };
		9A4420901B903D0C00C1CF9A /* Dubai.jpg */ = {isa = PBXFileReference; lastKnownFileType = image.jpeg; path = Dubai.jpg; sourceTree = "<group>"; };
		9A4420911B903D0C00C1CF9A /* khalifa.jpg */ = {isa = PBXFileReference; lastKnownFileType = image.jpeg; path = khalifa.jpg; sourceTree = "<group>"; };
		9AD5D66A1B8B5A2D00DD10DC /* DCLoginViewController.h */ = {isa = PBXFileReference; fileEncoding = 4; lastKnownFileType = sourcecode.c.h; name = DCLoginViewController.h; path = DubaiConnect/DCLoginViewController.h; sourceTree = SOURCE_ROOT; };
		9AD5D66B1B8B5A2D00DD10DC /* DCLoginViewController.m */ = {isa = PBXFileReference; fileEncoding = 4; lastKnownFileType = sourcecode.c.objc; name = DCLoginViewController.m; path = DubaiConnect/DCLoginViewController.m; sourceTree = SOURCE_ROOT; };
		9AD5D6721B8B5ADB00DD10DC /* FBSDKCoreKit.framework */ = {isa = PBXFileReference; lastKnownFileType = wrapper.framework; name = FBSDKCoreKit.framework; path = DubaiConnect/FrameWorks/FBSDKCoreKit.framework; sourceTree = "<group>"; };
		9AD5D6731B8B5ADB00DD10DC /* FBSDKLoginKit.framework */ = {isa = PBXFileReference; lastKnownFileType = wrapper.framework; name = FBSDKLoginKit.framework; path = DubaiConnect/FrameWorks/FBSDKLoginKit.framework; sourceTree = "<group>"; };
		9AD5D6761B8B5BAC00DD10DC /* Facebook.png */ = {isa = PBXFileReference; lastKnownFileType = image.png; path = Facebook.png; sourceTree = "<group>"; };
		9AD5D6791B8B5C1C00DD10DC /* DCFacebookManager.h */ = {isa = PBXFileReference; fileEncoding = 4; lastKnownFileType = sourcecode.c.h; path = DCFacebookManager.h; sourceTree = "<group>"; };
		9AD5D67A1B8B5C1C00DD10DC /* DCFacebookManager.m */ = {isa = PBXFileReference; fileEncoding = 4; lastKnownFileType = sourcecode.c.objc; path = DCFacebookManager.m; sourceTree = "<group>"; };
		9AD5D67C1B8B5C1C00DD10DC /* ServiceCallManager.h */ = {isa = PBXFileReference; fileEncoding = 4; lastKnownFileType = sourcecode.c.h; path = ServiceCallManager.h; sourceTree = "<group>"; };
		9AD5D67D1B8B5C1C00DD10DC /* ServiceCallManager.m */ = {isa = PBXFileReference; fileEncoding = 4; lastKnownFileType = sourcecode.c.objc; path = ServiceCallManager.m; sourceTree = "<group>"; };
/* End PBXFileReference section */

/* Begin PBXFrameworksBuildPhase section */
		6E451ACE1B88AE4D007188AB /* Frameworks */ = {
			isa = PBXFrameworksBuildPhase;
			buildActionMask = 2147483647;
			files = (
				07DBA5491B8E37D80089972F /* LocusLabsSDK.framework in Frameworks */,
				9AD5D6741B8B5ADB00DD10DC /* FBSDKCoreKit.framework in Frameworks */,
				9AD5D6751B8B5ADB00DD10DC /* FBSDKLoginKit.framework in Frameworks */,
				6E451B0F1B88B7D2007188AB /* QuartzCore.framework in Frameworks */,
			);
			runOnlyForDeploymentPostprocessing = 0;
		};
		6E451AEA1B88AE4D007188AB /* Frameworks */ = {
			isa = PBXFrameworksBuildPhase;
			buildActionMask = 2147483647;
			files = (
			);
			runOnlyForDeploymentPostprocessing = 0;
		};
/* End PBXFrameworksBuildPhase section */

/* Begin PBXGroup section */
		07DBA5451B8E33D60089972F /* BeaconMap */ = {
			isa = PBXGroup;
			children = (
				07DBA54A1B8E39BF0089972F /* MapViewController.h */,
				07DBA54B1B8E39BF0089972F /* MapViewController.m */,
			);
			name = BeaconMap;
			sourceTree = "<group>";
		};
		6E451AC81B88AE4D007188AB = {
			isa = PBXGroup;
			children = (
				9AD5D6721B8B5ADB00DD10DC /* FBSDKCoreKit.framework */,
				9AD5D6731B8B5ADB00DD10DC /* FBSDKLoginKit.framework */,
				6E451B0E1B88B7D2007188AB /* QuartzCore.framework */,
				6E451AD31B88AE4D007188AB /* DubaiConnect */,
				6E451AF01B88AE4D007188AB /* DubaiConnectTests */,
				6E451AD21B88AE4D007188AB /* Products */,
			);
			sourceTree = "<group>";
		};
		6E451AD21B88AE4D007188AB /* Products */ = {
			isa = PBXGroup;
			children = (
				6E451AD11B88AE4D007188AB /* DubaiConnect.app */,
				6E451AED1B88AE4D007188AB /* DubaiConnectTests.xctest */,
			);
			name = Products;
			sourceTree = "<group>";
		};
		6E451AD31B88AE4D007188AB /* DubaiConnect */ = {
			isa = PBXGroup;
			children = (
				6ED5D41D1B90CE8E00977FE4 /* Scanners */,
				6E9E9CD01B909CEB00EF8E01 /* Skew */,
				9A44208A1B903B5500C1CF9A /* TimeLine */,
				6E4E0D111B8DF23F003A3F60 /* Swipe Control */,
				07DBA5451B8E33D60089972F /* BeaconMap */,
				6E4E0CDE1B8B9A23003A3F60 /* TimeLineHeader */,
				9AD5D6781B8B5C1C00DD10DC /* FBManager */,
				9AD5D67B1B8B5C1C00DD10DC /* ServiceManager */,
				9AD5D6711B8B5AC300DD10DC /* FrameWorks */,
				6E451B041B88B763007188AB /* CurveMenu */,
				6E9E9CDA1B909D1200EF8E01 /* MPViewController.h */,
				6ED5D4211B90D0F600977FE4 /* DCScannerVC.h */,
				6ED5D4221B90D0F600977FE4 /* DCScannerVC.m */,
				6E9E9CDB1B909D1200EF8E01 /* MPViewController.m */,
				6E9E9CDD1B90A33000EF8E01 /* MPNavigationController.h */,
				6E9E9CDE1B90A33000EF8E01 /* MPNavigationController.m */,
				6E4E0D241B8E007A003A3F60 /* DCSwipeSplashViewController.h */,
				6E4E0D251B8E007A003A3F60 /* DCSwipeSplashViewController.m */,
				6E4E0CFE1B8BB14A003A3F60 /* DCBookingViewController.h */,
				6E4E0CFF1B8BB14A003A3F60 /* DCBookingViewController.m */,
				9AD5D66A1B8B5A2D00DD10DC /* DCLoginViewController.h */,
				9AD5D66B1B8B5A2D00DD10DC /* DCLoginViewController.m */,
				6E451AFF1B88B2EB007188AB /* DCTimeLineDetailViewController.h */,
				6E451B001B88B2EB007188AB /* DCTimeLineDetailViewController.m */,
				6E4E0D0E1B8DC3C2003A3F60 /* DCSearchResultsTableViewController.h */,
				6E4E0D0F1B8DC3C2003A3F60 /* DCSearchResultsTableViewController.m */,
				6E451ADE1B88AE4D007188AB /* DCTimeLineViewController.h */,
				6E451ADF1B88AE4D007188AB /* DCTimeLineViewController.m */,
				6E9E9CE11B90B21D00EF8E01 /* DCBarCodeVC.h */,
				6E9E9CE21B90B21D00EF8E01 /* DCBarCodeVC.m */,
				6E451AE11B88AE4D007188AB /* Main.storyboard */,
				6E451AD41B88AE4D007188AB /* Supporting Files */,
			);
			path = DubaiConnect;
			sourceTree = "<group>";
		};
		6E451AD41B88AE4D007188AB /* Supporting Files */ = {
			isa = PBXGroup;
			children = (
				6E9E9CBA1B90757200EF8E01 /* Fonts */,
				6E451AE61B88AE4D007188AB /* LaunchScreen.xib */,
				6E451ADB1B88AE4D007188AB /* DubaiConnect.xcdatamodeld */,
				6E451AD81B88AE4D007188AB /* AppDelegate.h */,
				6E451AD91B88AE4D007188AB /* AppDelegate.m */,
				6E451B101B88BC8C007188AB /* Images */,
				6E451AFD1B88B024007188AB /* Images.xcassets */,
				6E451AD51B88AE4D007188AB /* Info.plist */,
				6E451AD61B88AE4D007188AB /* main.m */,
			);
			name = "Supporting Files";
			sourceTree = "<group>";
		};
		6E451AF01B88AE4D007188AB /* DubaiConnectTests */ = {
			isa = PBXGroup;
			children = (
				6E451AF31B88AE4D007188AB /* DubaiConnectTests.m */,
				6E451AF11B88AE4D007188AB /* Supporting Files */,
			);
			path = DubaiConnectTests;
			sourceTree = "<group>";
		};
		6E451AF11B88AE4D007188AB /* Supporting Files */ = {
			isa = PBXGroup;
			children = (
				6E451AF21B88AE4D007188AB /* Info.plist */,
			);
			name = "Supporting Files";
			sourceTree = "<group>";
		};
		6E451B041B88B763007188AB /* CurveMenu */ = {
			isa = PBXGroup;
			children = (
				6E451B051B88B763007188AB /* QuadCurveMenu.h */,
				6E451B061B88B763007188AB /* QuadCurveMenu.m */,
				6E451B071B88B763007188AB /* QuadCurveMenuItem.h */,
				6E451B081B88B763007188AB /* QuadCurveMenuItem.m */,
			);
			path = CurveMenu;
			sourceTree = "<group>";
		};
		6E451B101B88BC8C007188AB /* Images */ = {
			isa = PBXGroup;
			children = (
				6EB22D481B9115BE0029E21B /* alarab.jpg */,
				6EB22D491B9115BE0029E21B /* dubai13.tiff */,
				6EB22D4A1B9115BE0029E21B /* dubai11.tiff */,
				6EB22D4B1B9115BE0029E21B /* familyunderwater.jpg */,
				6EB22D4C1B9115BE0029E21B /* dubai-hummer-safari.jpg */,
				6EB22D4D1B9115BE0029E21B /* dubai16.tiff */,
				6EB22D4E1B9115BE0029E21B /* dubai17.tiff */,
				6EB22D4F1B9115BE0029E21B /* wild wadi.jpg */,
				6EB22D501B9115BE0029E21B /* dubai15.tiff */,
				6EB22D511B9115BE0029E21B /* museum.jpg */,
				6EB22D521B9115BE0029E21B /* goldSouk.jpeg */,
				6EB22D531B9115BE0029E21B /* kids-beach.jpg */,
				6EB22D541B9115BE0029E21B /* dubai14.tiff */,
				6EB22D551B9115BE0029E21B /* dubai12.tiff */,
				6EB22D561B9115BE0029E21B /* ski dubai.jpg */,
				6EB22D571B9115BE0029E21B /* Airport2.png */,
				6EB22D581B9115BE0029E21B /* Dubai-Dolphinarium.jpg */,
				6EB22D591B9115BE0029E21B /* Airport1.png */,
				6EB22D5A1B9115BE0029E21B /* Zoo.jpeg */,
				6EB22D461B91140D0029E21B /* uber.png */,
				6EB22D441B910AD30029E21B /* popular.png */,
				6EB22D401B9101930029E21B /* facebook_Friends.png */,
				6EB22D411B9101930029E21B /* like_icon.png */,
				6EB22D3E1B9100050029E21B /* plus1.png */,
				6EB22D3A1B90FBDE0029E21B /* Arrow_Left2.png */,
				6EB22D3B1B90FBDE0029E21B /* Arrow_Right2.png */,
				6EB22D381B90F8E00029E21B /* dubai_icon.png */,
				6E49730D1B90D96B00DBC922 /* Default.jpg */,
				6E4973151B90D96B00DBC922 /* like.png */,
				6E4973161B90D96B00DBC922 /* loc1.jpeg */,
				6E4973171B90D96B00DBC922 /* loc2.png */,
				6E4973181B90D96B00DBC922 /* Metro.png */,
				6E4973191B90D96B00DBC922 /* Minus.png */,
				6E49731A1B90D96B00DBC922 /* Plus.png */,
				6E49731B1B90D96B00DBC922 /* RedAlert.jpeg */,
				6E49731C1B90D96B00DBC922 /* Sunny.png */,
				6E49731D1B90D96B00DBC922 /* Uber.jpeg */,
				6E49731E1B90D96B00DBC922 /* dayNight.gif */,
				6E49731F1B90D96B00DBC922 /* dubai11.gif */,
				6E4973201B90D96B00DBC922 /* walk.png */,
				6E4E0D291B8E4CBE003A3F60 /* Burj_Al_Arab400*300.jpg */,
				9A4420901B903D0C00C1CF9A /* Dubai.jpg */,
				9A4420911B903D0C00C1CF9A /* khalifa.jpg */,
				6E4E0D2A1B8E4CBE003A3F60 /* burj-al-arab-dubai-960x640.jpg */,
				6E4E0D271B8E49F8003A3F60 /* banner_dubai_Al_Arab.jpg */,
				9AD5D6761B8B5BAC00DD10DC /* Facebook.png */,
				6E451B111B88BC8C007188AB /* bg-addbutton-highlighted.png */,
				6E451B121B88BC8C007188AB /* bg-addbutton-highlighted@2x.png */,
				6E451B131B88BC8C007188AB /* bg-addbutton.png */,
				6E451B141B88BC8C007188AB /* bg-addbutton@2x.png */,
				6E451B151B88BC8C007188AB /* bg-menuitem-highlighted.png */,
				6E451B161B88BC8C007188AB /* bg-menuitem-highlighted@2x.png */,
				6E451B171B88BC8C007188AB /* bg-menuitem.png */,
				6E451B181B88BC8C007188AB /* bg-menuitem@2x.png */,
				6E451B191B88BC8C007188AB /* icon-plus-highlighted.png */,
				6E451B1A1B88BC8C007188AB /* icon-plus-highlighted@2x.png */,
				6E451B1B1B88BC8C007188AB /* icon-plus.png */,
				6E451B1C1B88BC8C007188AB /* icon-plus@2x.png */,
				6E451B1D1B88BC8C007188AB /* icon-star.png */,
				6E451B1E1B88BC8C007188AB /* icon-star@2x.png */,
			);
			path = Images;
			sourceTree = "<group>";
		};
		6E4E0CDE1B8B9A23003A3F60 /* TimeLineHeader */ = {
			isa = PBXGroup;
			children = (
				6E4E0CE21B8B9A5E003A3F60 /* BLKFlexibleHeightBar */,
				6E4E0CDF1B8B9A23003A3F60 /* SquareCashStyleBar.h */,
				6E4E0CE01B8B9A23003A3F60 /* SquareCashStyleBar.m */,
			);
			path = TimeLineHeader;
			sourceTree = "<group>";
		};
		6E4E0CE21B8B9A5E003A3F60 /* BLKFlexibleHeightBar */ = {
			isa = PBXGroup;
			children = (
				6E4E0CE31B8B9A5E003A3F60 /* BLKDelegateSplitter.h */,
				6E4E0CE41B8B9A5E003A3F60 /* BLKDelegateSplitter.m */,
				6E4E0CE51B8B9A5E003A3F60 /* BLKFlexibleHeightBar.h */,
				6E4E0CE61B8B9A5E003A3F60 /* BLKFlexibleHeightBar.m */,
				6E4E0CE71B8B9A5E003A3F60 /* BLKFlexibleHeightBarBehaviorDefiner.h */,
				6E4E0CE81B8B9A5E003A3F60 /* BLKFlexibleHeightBarBehaviorDefiner.m */,
				6E4E0CE91B8B9A5E003A3F60 /* BLKFlexibleHeightBarSubviewLayoutAttributes.h */,
				6E4E0CEA1B8B9A5E003A3F60 /* BLKFlexibleHeightBarSubviewLayoutAttributes.m */,
				6E4E0CED1B8B9A5E003A3F60 /* DCSquareCashStyleBehaviorDefiner.h */,
				6E4E0CEE1B8B9A5E003A3F60 /* DCSquareCashStyleBehaviorDefiner.m */,
				6E4E0CEF1B8B9A5E003A3F60 /* UIView+BLKFlexibleHeightBarSubview.h */,
				6E4E0CF01B8B9A5E003A3F60 /* UIView+BLKFlexibleHeightBarSubview.m */,
			);
			path = BLKFlexibleHeightBar;
			sourceTree = "<group>";
		};
		6E4E0D111B8DF23F003A3F60 /* Swipe Control */ = {
			isa = PBXGroup;
			children = (
				6E4E0D1B1B8DF3B8003A3F60 /* DraggableView.h */,
				6E4E0D1C1B8DF3B8003A3F60 /* DraggableView.m */,
				6E4E0D1D1B8DF3B8003A3F60 /* DraggableViewBackground.h */,
				6E4E0D1E1B8DF3B8003A3F60 /* DraggableViewBackground.m */,
				6E4E0D1F1B8DF3B8003A3F60 /* OverlayView.h */,
				6E4E0D201B8DF3B8003A3F60 /* OverlayView.m */,
			);
			path = "Swipe Control";
			sourceTree = "<group>";
		};
		6E9E9CBA1B90757200EF8E01 /* Fonts */ = {
			isa = PBXGroup;
			children = (
				6E9E9CBB1B90757200EF8E01 /* Emirates SB.otf */,
				6E9E9CBC1B90757200EF8E01 /* Emirates SL.otf */,
				6E9E9CBD1B90757200EF8E01 /* Emirates SM.otf */,
			);
			path = Fonts;
			sourceTree = "<group>";
		};
		6E9E9CD01B909CEB00EF8E01 /* Skew */ = {
			isa = PBXGroup;
			children = (
				6E9E9CD11B909CEB00EF8E01 /* MPSkewedCell.h */,
				6E9E9CD21B909CEB00EF8E01 /* MPSkewedCell.m */,
				6E9E9CD31B909CEB00EF8E01 /* MPSkewedCollectionViewLayoutAttributes.h */,
				6E9E9CD41B909CEB00EF8E01 /* MPSkewedCollectionViewLayoutAttributes.m */,
				6E9E9CD51B909CEB00EF8E01 /* MPSkewedParallaxLayout.h */,
				6E9E9CD61B909CEB00EF8E01 /* MPSkewedParallaxLayout.m */,
			);
			path = Skew;
			sourceTree = "<group>";
		};
		6ED5D41D1B90CE8E00977FE4 /* Scanners */ = {
			isa = PBXGroup;
			children = (
				6ED5D41E1B90CE8E00977FE4 /* MTBBarcodeScanner.h */,
				6ED5D41F1B90CE8E00977FE4 /* MTBBarcodeScanner.m */,
			);
			path = Scanners;
			sourceTree = "<group>";
		};
		9A44208A1B903B5500C1CF9A /* TimeLine */ = {
			isa = PBXGroup;
			children = (
				9A44208B1B903B7800C1CF9A /* DCTimeLine.h */,
				9A44208C1B903B7800C1CF9A /* DCTimeLine.m */,
				9A44208D1B903B7800C1CF9A /* DCTimeLineCustomCell.xib */,
				6EB22D341B90EC6E0029E21B /* DCTimeLineCustomCell.h */,
				6EB22D351B90EC6E0029E21B /* DCTimeLineCustomCell.m */,
			);
			path = TimeLine;
			sourceTree = "<group>";
		};
		9AD5D6711B8B5AC300DD10DC /* FrameWorks */ = {
			isa = PBXGroup;
			children = (
				07DBA5461B8E37D80089972F /* LocusLabsSDK.bundle */,
				07DBA5471B8E37D80089972F /* LocusLabsSDK.framework */,
			);
			path = FrameWorks;
			sourceTree = "<group>";
		};
		9AD5D6781B8B5C1C00DD10DC /* FBManager */ = {
			isa = PBXGroup;
			children = (
				9AD5D6791B8B5C1C00DD10DC /* DCFacebookManager.h */,
				9AD5D67A1B8B5C1C00DD10DC /* DCFacebookManager.m */,
			);
			path = FBManager;
			sourceTree = "<group>";
		};
		9AD5D67B1B8B5C1C00DD10DC /* ServiceManager */ = {
			isa = PBXGroup;
			children = (
				9AD5D67C1B8B5C1C00DD10DC /* ServiceCallManager.h */,
				9AD5D67D1B8B5C1C00DD10DC /* ServiceCallManager.m */,
			);
			path = ServiceManager;
			sourceTree = "<group>";
		};
/* End PBXGroup section */

/* Begin PBXNativeTarget section */
		6E451AD01B88AE4D007188AB /* DubaiConnect */ = {
			isa = PBXNativeTarget;
			buildConfigurationList = 6E451AF71B88AE4D007188AB /* Build configuration list for PBXNativeTarget "DubaiConnect" */;
			buildPhases = (
				6E451ACD1B88AE4D007188AB /* Sources */,
				6E451ACE1B88AE4D007188AB /* Frameworks */,
				6E451ACF1B88AE4D007188AB /* Resources */,
			);
			buildRules = (
			);
			dependencies = (
			);
			name = DubaiConnect;
			productName = DubaiConnect;
			productReference = 6E451AD11B88AE4D007188AB /* DubaiConnect.app */;
			productType = "com.apple.product-type.application";
		};
		6E451AEC1B88AE4D007188AB /* DubaiConnectTests */ = {
			isa = PBXNativeTarget;
			buildConfigurationList = 6E451AFA1B88AE4D007188AB /* Build configuration list for PBXNativeTarget "DubaiConnectTests" */;
			buildPhases = (
				6E451AE91B88AE4D007188AB /* Sources */,
				6E451AEA1B88AE4D007188AB /* Frameworks */,
				6E451AEB1B88AE4D007188AB /* Resources */,
			);
			buildRules = (
			);
			dependencies = (
				6E451AEF1B88AE4D007188AB /* PBXTargetDependency */,
			);
			name = DubaiConnectTests;
			productName = DubaiConnectTests;
			productReference = 6E451AED1B88AE4D007188AB /* DubaiConnectTests.xctest */;
			productType = "com.apple.product-type.bundle.unit-test";
		};
/* End PBXNativeTarget section */

/* Begin PBXProject section */
		6E451AC91B88AE4D007188AB /* Project object */ = {
			isa = PBXProject;
			attributes = {
				LastUpgradeCheck = 0640;
				ORGANIZATIONNAME = Anoop;
				TargetAttributes = {
					6E451AD01B88AE4D007188AB = {
						CreatedOnToolsVersion = 6.4;
					};
					6E451AEC1B88AE4D007188AB = {
						CreatedOnToolsVersion = 6.4;
						TestTargetID = 6E451AD01B88AE4D007188AB;
					};
				};
			};
			buildConfigurationList = 6E451ACC1B88AE4D007188AB /* Build configuration list for PBXProject "DubaiConnect" */;
			compatibilityVersion = "Xcode 3.2";
			developmentRegion = English;
			hasScannedForEncodings = 0;
			knownRegions = (
				en,
				Base,
			);
			mainGroup = 6E451AC81B88AE4D007188AB;
			productRefGroup = 6E451AD21B88AE4D007188AB /* Products */;
			projectDirPath = "";
			projectRoot = "";
			targets = (
				6E451AD01B88AE4D007188AB /* DubaiConnect */,
				6E451AEC1B88AE4D007188AB /* DubaiConnectTests */,
			);
		};
/* End PBXProject section */

/* Begin PBXResourcesBuildPhase section */
		6E451ACF1B88AE4D007188AB /* Resources */ = {
			isa = PBXResourcesBuildPhase;
			buildActionMask = 2147483647;
			files = (
				6EB22D3D1B90FBDE0029E21B /* Arrow_Right2.png in Resources */,
				6EB22D451B910AD30029E21B /* popular.png in Resources */,
				6E4973301B90D96B00DBC922 /* Sunny.png in Resources */,
				6E49732B1B90D96B00DBC922 /* loc2.png in Resources */,
				6E4973331B90D96B00DBC922 /* dubai11.gif in Resources */,
				6EB22D6B1B9115BE0029E21B /* Dubai-Dolphinarium.jpg in Resources */,
				6EB22D661B9115BE0029E21B /* kids-beach.jpg in Resources */,
				6EB22D471B91140D0029E21B /* uber.png in Resources */,
				6E4973311B90D96B00DBC922 /* Uber.jpeg in Resources */,
				6EB22D6A1B9115BE0029E21B /* Airport2.png in Resources */,
				6EB22D641B9115BE0029E21B /* museum.jpg in Resources */,
				6E9E9CC01B90757200EF8E01 /* Emirates SM.otf in Resources */,
				6E451B211B88BC8C007188AB /* bg-addbutton.png in Resources */,
				6E49732A1B90D96B00DBC922 /* loc1.jpeg in Resources */,
				6EB22D5B1B9115BE0029E21B /* alarab.jpg in Resources */,
				6E4973321B90D96B00DBC922 /* dayNight.gif in Resources */,
				6EB22D431B9101930029E21B /* like_icon.png in Resources */,
				6EB22D671B9115BE0029E21B /* dubai14.tiff in Resources */,
				6E49732E1B90D96B00DBC922 /* Plus.png in Resources */,
				6E9E9CBE1B90757200EF8E01 /* Emirates SB.otf in Resources */,
				6EB22D601B9115BE0029E21B /* dubai16.tiff in Resources */,
				6EB22D3C1B90FBDE0029E21B /* Arrow_Left2.png in Resources */,
				6E4E0D281B8E49F8003A3F60 /* banner_dubai_Al_Arab.jpg in Resources */,
				6E451AFE1B88B024007188AB /* Images.xcassets in Resources */,
				6E451B251B88BC8C007188AB /* bg-menuitem.png in Resources */,
				6E4973291B90D96B00DBC922 /* like.png in Resources */,
				6E49732D1B90D96B00DBC922 /* Minus.png in Resources */,
				07DBA5481B8E37D80089972F /* LocusLabsSDK.bundle in Resources */,
				6EB22D5E1B9115BE0029E21B /* familyunderwater.jpg in Resources */,
				6EB22D621B9115BE0029E21B /* wild wadi.jpg in Resources */,
				9A4420921B903D0C00C1CF9A /* Dubai.jpg in Resources */,
				6E451B201B88BC8C007188AB /* bg-addbutton-highlighted@2x.png in Resources */,
				6E451B291B88BC8C007188AB /* icon-plus.png in Resources */,
				6EB22D631B9115BE0029E21B /* dubai15.tiff in Resources */,
				6E49732C1B90D96B00DBC922 /* Metro.png in Resources */,
				6E4973341B90D96B00DBC922 /* walk.png in Resources */,
				6EB22D6D1B9115BE0029E21B /* Zoo.jpeg in Resources */,
				6E451B271B88BC8C007188AB /* icon-plus-highlighted.png in Resources */,
				6E4E0D2B1B8E4CBE003A3F60 /* Burj_Al_Arab400*300.jpg in Resources */,
				6EB22D681B9115BE0029E21B /* dubai12.tiff in Resources */,
				6E451B221B88BC8C007188AB /* bg-addbutton@2x.png in Resources */,
				9AD5D6771B8B5BAC00DD10DC /* Facebook.png in Resources */,
				6EB22D421B9101930029E21B /* facebook_Friends.png in Resources */,
				6EB22D691B9115BE0029E21B /* ski dubai.jpg in Resources */,
				6E451B2C1B88BC8C007188AB /* icon-star@2x.png in Resources */,
				6E451B2A1B88BC8C007188AB /* icon-plus@2x.png in Resources */,
				6E451B261B88BC8C007188AB /* bg-menuitem@2x.png in Resources */,
				6E451AE31B88AE4D007188AB /* Main.storyboard in Resources */,
				6E451AE81B88AE4D007188AB /* LaunchScreen.xib in Resources */,
				6E451B281B88BC8C007188AB /* icon-plus-highlighted@2x.png in Resources */,
				9A4420931B903D0C00C1CF9A /* khalifa.jpg in Resources */,
				6E451B2B1B88BC8C007188AB /* icon-star.png in Resources */,
				9A44208F1B903B7900C1CF9A /* DCTimeLineCustomCell.xib in Resources */,
				6EB22D391B90F8E00029E21B /* dubai_icon.png in Resources */,
				6EB22D5F1B9115BE0029E21B /* dubai-hummer-safari.jpg in Resources */,
				6EB22D5D1B9115BE0029E21B /* dubai11.tiff in Resources */,
				6E49732F1B90D96B00DBC922 /* RedAlert.jpeg in Resources */,
				6E9E9CBF1B90757200EF8E01 /* Emirates SL.otf in Resources */,
				6EB22D611B9115BE0029E21B /* dubai17.tiff in Resources */,
				6E451B231B88BC8C007188AB /* bg-menuitem-highlighted.png in Resources */,
				6EB22D651B9115BE0029E21B /* goldSouk.jpeg in Resources */,
				6E451B241B88BC8C007188AB /* bg-menuitem-highlighted@2x.png in Resources */,
				6EB22D3F1B9100050029E21B /* plus1.png in Resources */,
				6EB22D6C1B9115BE0029E21B /* Airport1.png in Resources */,
				6E451B1F1B88BC8C007188AB /* bg-addbutton-highlighted.png in Resources */,
				6EB22D5C1B9115BE0029E21B /* dubai13.tiff in Resources */,
				6E4973211B90D96B00DBC922 /* Default.jpg in Resources */,
				6E4E0D2C1B8E4CBE003A3F60 /* burj-al-arab-dubai-960x640.jpg in Resources */,
			);
			runOnlyForDeploymentPostprocessing = 0;
		};
		6E451AEB1B88AE4D007188AB /* Resources */ = {
			isa = PBXResourcesBuildPhase;
			buildActionMask = 2147483647;
			files = (
			);
			runOnlyForDeploymentPostprocessing = 0;
		};
/* End PBXResourcesBuildPhase section */

/* Begin PBXSourcesBuildPhase section */
		6E451ACD1B88AE4D007188AB /* Sources */ = {
			isa = PBXSourcesBuildPhase;
			buildActionMask = 2147483647;
			files = (
				9AD5D67E1B8B5C1C00DD10DC /* DCFacebookManager.m in Sources */,
				6E9E9CD81B909CEB00EF8E01 /* MPSkewedCollectionViewLayoutAttributes.m in Sources */,
				6E451ADA1B88AE4D007188AB /* AppDelegate.m in Sources */,
				9AD5D66C1B8B5A2D00DD10DC /* DCLoginViewController.m in Sources */,
				6E4E0CF21B8B9A5E003A3F60 /* BLKFlexibleHeightBar.m in Sources */,
				9A44208E1B903B7900C1CF9A /* DCTimeLine.m in Sources */,
				6E451ADD1B88AE4D007188AB /* DubaiConnect.xcdatamodeld in Sources */,
				6E4E0CE11B8B9A23003A3F60 /* SquareCashStyleBar.m in Sources */,
				6E451AE01B88AE4D007188AB /* DCTimeLineViewController.m in Sources */,
				6E4E0D101B8DC3C2003A3F60 /* DCSearchResultsTableViewController.m in Sources */,
				6E4E0CF61B8B9A5E003A3F60 /* DCSquareCashStyleBehaviorDefiner.m in Sources */,
				6ED5D4201B90CE8E00977FE4 /* MTBBarcodeScanner.m in Sources */,
				6E4E0D221B8DF3B8003A3F60 /* DraggableViewBackground.m in Sources */,
				9AD5D67F1B8B5C1C00DD10DC /* ServiceCallManager.m in Sources */,
				6E9E9CE31B90B21D00EF8E01 /* DCBarCodeVC.m in Sources */,
				6E4E0CF11B8B9A5E003A3F60 /* BLKDelegateSplitter.m in Sources */,
				6E9E9CD71B909CEB00EF8E01 /* MPSkewedCell.m in Sources */,
				6E4E0CF41B8B9A5E003A3F60 /* BLKFlexibleHeightBarSubviewLayoutAttributes.m in Sources */,
				6E451B091B88B763007188AB /* QuadCurveMenu.m in Sources */,
				6E4E0CF71B8B9A5E003A3F60 /* UIView+BLKFlexibleHeightBarSubview.m in Sources */,
				6E9E9CDF1B90A33000EF8E01 /* MPNavigationController.m in Sources */,
				6ED5D4231B90D0F600977FE4 /* DCScannerVC.m in Sources */,
				6E4E0D211B8DF3B8003A3F60 /* DraggableView.m in Sources */,
				6E4E0D011B8BB14A003A3F60 /* DCBookingViewController.m in Sources */,
				6E9E9CDC1B909D1200EF8E01 /* MPViewController.m in Sources */,
				6E451B021B88B2EB007188AB /* DCTimeLineDetailViewController.m in Sources */,
				6E4E0D261B8E007A003A3F60 /* DCSwipeSplashViewController.m in Sources */,
				6E451B0A1B88B763007188AB /* QuadCurveMenuItem.m in Sources */,
				07DBA54C1B8E39BF0089972F /* MapViewController.m in Sources */,
				6E451AD71B88AE4D007188AB /* main.m in Sources */,
				6E4E0CF31B8B9A5E003A3F60 /* BLKFlexibleHeightBarBehaviorDefiner.m in Sources */,
				6E9E9CD91B909CEB00EF8E01 /* MPSkewedParallaxLayout.m in Sources */,
				6EB22D361B90EC6E0029E21B /* DCTimeLineCustomCell.m in Sources */,
				6E4E0D231B8DF3B8003A3F60 /* OverlayView.m in Sources */,
			);
			runOnlyForDeploymentPostprocessing = 0;
		};
		6E451AE91B88AE4D007188AB /* Sources */ = {
			isa = PBXSourcesBuildPhase;
			buildActionMask = 2147483647;
			files = (
				6E451AF41B88AE4D007188AB /* DubaiConnectTests.m in Sources */,
			);
			runOnlyForDeploymentPostprocessing = 0;
		};
/* End PBXSourcesBuildPhase section */

/* Begin PBXTargetDependency section */
		6E451AEF1B88AE4D007188AB /* PBXTargetDependency */ = {
			isa = PBXTargetDependency;
			target = 6E451AD01B88AE4D007188AB /* DubaiConnect */;
			targetProxy = 6E451AEE1B88AE4D007188AB /* PBXContainerItemProxy */;
		};
/* End PBXTargetDependency section */

/* Begin PBXVariantGroup section */
		6E451AE11B88AE4D007188AB /* Main.storyboard */ = {
			isa = PBXVariantGroup;
			children = (
				6E451AE21B88AE4D007188AB /* Base */,
			);
			name = Main.storyboard;
			sourceTree = "<group>";
		};
		6E451AE61B88AE4D007188AB /* LaunchScreen.xib */ = {
			isa = PBXVariantGroup;
			children = (
				6E451AE71B88AE4D007188AB /* Base */,
			);
			name = LaunchScreen.xib;
			sourceTree = "<group>";
		};
/* End PBXVariantGroup section */

/* Begin XCBuildConfiguration section */
		6E451AF51B88AE4D007188AB /* Debug */ = {
			isa = XCBuildConfiguration;
			buildSettings = {
				ALWAYS_SEARCH_USER_PATHS = NO;
				CLANG_CXX_LANGUAGE_STANDARD = "gnu++0x";
				CLANG_CXX_LIBRARY = "libc++";
				CLANG_ENABLE_MODULES = YES;
				CLANG_ENABLE_OBJC_ARC = YES;
				CLANG_WARN_BOOL_CONVERSION = YES;
				CLANG_WARN_CONSTANT_CONVERSION = YES;
				CLANG_WARN_DIRECT_OBJC_ISA_USAGE = YES_ERROR;
				CLANG_WARN_EMPTY_BODY = YES;
				CLANG_WARN_ENUM_CONVERSION = YES;
				CLANG_WARN_INT_CONVERSION = YES;
				CLANG_WARN_OBJC_ROOT_CLASS = YES_ERROR;
				CLANG_WARN_UNREACHABLE_CODE = YES;
				CLANG_WARN__DUPLICATE_METHOD_MATCH = YES;
				"CODE_SIGN_IDENTITY[sdk=iphoneos*]" = "iPhone Developer";
				COPY_PHASE_STRIP = NO;
				DEBUG_INFORMATION_FORMAT = "dwarf-with-dsym";
				ENABLE_STRICT_OBJC_MSGSEND = YES;
				GCC_C_LANGUAGE_STANDARD = gnu99;
				GCC_DYNAMIC_NO_PIC = NO;
				GCC_NO_COMMON_BLOCKS = YES;
				GCC_OPTIMIZATION_LEVEL = 0;
				GCC_PREPROCESSOR_DEFINITIONS = (
					"DEBUG=1",
					"$(inherited)",
				);
				GCC_SYMBOLS_PRIVATE_EXTERN = NO;
				GCC_WARN_64_TO_32_BIT_CONVERSION = YES;
				GCC_WARN_ABOUT_RETURN_TYPE = YES_ERROR;
				GCC_WARN_UNDECLARED_SELECTOR = YES;
				GCC_WARN_UNINITIALIZED_AUTOS = YES_AGGRESSIVE;
				GCC_WARN_UNUSED_FUNCTION = YES;
				GCC_WARN_UNUSED_VARIABLE = YES;
				IPHONEOS_DEPLOYMENT_TARGET = 6.1;
				MTL_ENABLE_DEBUG_INFO = YES;
				ONLY_ACTIVE_ARCH = YES;
				SDKROOT = iphoneos;
			};
			name = Debug;
		};
		6E451AF61B88AE4D007188AB /* Release */ = {
			isa = XCBuildConfiguration;
			buildSettings = {
				ALWAYS_SEARCH_USER_PATHS = NO;
				CLANG_CXX_LANGUAGE_STANDARD = "gnu++0x";
				CLANG_CXX_LIBRARY = "libc++";
				CLANG_ENABLE_MODULES = YES;
				CLANG_ENABLE_OBJC_ARC = YES;
				CLANG_WARN_BOOL_CONVERSION = YES;
				CLANG_WARN_CONSTANT_CONVERSION = YES;
				CLANG_WARN_DIRECT_OBJC_ISA_USAGE = YES_ERROR;
				CLANG_WARN_EMPTY_BODY = YES;
				CLANG_WARN_ENUM_CONVERSION = YES;
				CLANG_WARN_INT_CONVERSION = YES;
				CLANG_WARN_OBJC_ROOT_CLASS = YES_ERROR;
				CLANG_WARN_UNREACHABLE_CODE = YES;
				CLANG_WARN__DUPLICATE_METHOD_MATCH = YES;
				"CODE_SIGN_IDENTITY[sdk=iphoneos*]" = "iPhone Developer";
				COPY_PHASE_STRIP = NO;
				DEBUG_INFORMATION_FORMAT = "dwarf-with-dsym";
				ENABLE_NS_ASSERTIONS = NO;
				ENABLE_STRICT_OBJC_MSGSEND = YES;
				GCC_C_LANGUAGE_STANDARD = gnu99;
				GCC_NO_COMMON_BLOCKS = YES;
				GCC_WARN_64_TO_32_BIT_CONVERSION = YES;
				GCC_WARN_ABOUT_RETURN_TYPE = YES_ERROR;
				GCC_WARN_UNDECLARED_SELECTOR = YES;
				GCC_WARN_UNINITIALIZED_AUTOS = YES_AGGRESSIVE;
				GCC_WARN_UNUSED_FUNCTION = YES;
				GCC_WARN_UNUSED_VARIABLE = YES;
				IPHONEOS_DEPLOYMENT_TARGET = 6.1;
				MTL_ENABLE_DEBUG_INFO = NO;
				SDKROOT = iphoneos;
				VALIDATE_PRODUCT = YES;
			};
			name = Release;
		};
		6E451AF81B88AE4D007188AB /* Debug */ = {
			isa = XCBuildConfiguration;
			buildSettings = {
				ASSETCATALOG_COMPILER_APPICON_NAME = AppIcon;
				CODE_SIGN_IDENTITY = "iPhone Distribution: Emirates Airlines";
				ENABLE_BITCODE = NO;
				FRAMEWORK_SEARCH_PATHS = (
					"$(inherited)",
					"$(PROJECT_DIR)/DubaiConnect/Framework",
					/Users/Emirates/DBTrans/SampleFaceBook/SampleFaceBook,
					"$(PROJECT_DIR)/DubaiConnect/FrameWorks",
				);
				INFOPLIST_FILE = DubaiConnect/Info.plist;
				IPHONEOS_DEPLOYMENT_TARGET = 7.1;
				LD_RUNPATH_SEARCH_PATHS = "$(inherited) @executable_path/Frameworks";
				PRODUCT_BUNDLE_IDENTIFIER = com.emirates.ipad.ekapp;
				PRODUCT_NAME = "$(TARGET_NAME)";
				PROVISIONING_PROFILE = "cf7ea718-9d62-4f84-b7a1-148c46f2041f";
			};
			name = Debug;
		};
		6E451AF91B88AE4D007188AB /* Release */ = {
			isa = XCBuildConfiguration;
			buildSettings = {
				ASSETCATALOG_COMPILER_APPICON_NAME = AppIcon;
				CODE_SIGN_IDENTITY = "iPhone Distribution: Emirates Airlines";
				ENABLE_BITCODE = NO;
				FRAMEWORK_SEARCH_PATHS = (
					"$(inherited)",
					"$(PROJECT_DIR)/DubaiConnect/Framework",
					/Users/Emirates/DBTrans/SampleFaceBook/SampleFaceBook,
					"$(PROJECT_DIR)/DubaiConnect/FrameWorks",
				);
				INFOPLIST_FILE = DubaiConnect/Info.plist;
				IPHONEOS_DEPLOYMENT_TARGET = 7.1;
				LD_RUNPATH_SEARCH_PATHS = "$(inherited) @executable_path/Frameworks";
				PRODUCT_BUNDLE_IDENTIFIER = com.emirates.ipad.ekapp;
				PRODUCT_NAME = "$(TARGET_NAME)";
				PROVISIONING_PROFILE = "cf7ea718-9d62-4f84-b7a1-148c46f2041f";
			};
			name = Release;
		};
		6E451AFB1B88AE4D007188AB /* Debug */ = {
			isa = XCBuildConfiguration;
			buildSettings = {
				BUNDLE_LOADER = "$(TEST_HOST)";
				FRAMEWORK_SEARCH_PATHS = (
					"$(SDKROOT)/Developer/Library/Frameworks",
					"$(inherited)",
				);
				GCC_PREPROCESSOR_DEFINITIONS = (
					"DEBUG=1",
					"$(inherited)",
				);
				INFOPLIST_FILE = DubaiConnectTests/Info.plist;
				LD_RUNPATH_SEARCH_PATHS = "$(inherited) @executable_path/Frameworks @loader_path/Frameworks";
				PRODUCT_NAME = "$(TARGET_NAME)";
				TEST_HOST = "$(BUILT_PRODUCTS_DIR)/DubaiConnect.app/DubaiConnect";
			};
			name = Debug;
		};
		6E451AFC1B88AE4D007188AB /* Release */ = {
			isa = XCBuildConfiguration;
			buildSettings = {
				BUNDLE_LOADER = "$(TEST_HOST)";
				FRAMEWORK_SEARCH_PATHS = (
					"$(SDKROOT)/Developer/Library/Frameworks",
					"$(inherited)",
				);
				INFOPLIST_FILE = DubaiConnectTests/Info.plist;
				LD_RUNPATH_SEARCH_PATHS = "$(inherited) @executable_path/Frameworks @loader_path/Frameworks";
				PRODUCT_NAME = "$(TARGET_NAME)";
				TEST_HOST = "$(BUILT_PRODUCTS_DIR)/DubaiConnect.app/DubaiConnect";
			};
			name = Release;
		};
/* End XCBuildConfiguration section */

/* Begin XCConfigurationList section */
		6E451ACC1B88AE4D007188AB /* Build configuration list for PBXProject "DubaiConnect" */ = {
			isa = XCConfigurationList;
			buildConfigurations = (
				6E451AF51B88AE4D007188AB /* Debug */,
				6E451AF61B88AE4D007188AB /* Release */,
			);
			defaultConfigurationIsVisible = 0;
			defaultConfigurationName = Release;
		};
		6E451AF71B88AE4D007188AB /* Build configuration list for PBXNativeTarget "DubaiConnect" */ = {
			isa = XCConfigurationList;
			buildConfigurations = (
				6E451AF81B88AE4D007188AB /* Debug */,
				6E451AF91B88AE4D007188AB /* Release */,
			);
			defaultConfigurationIsVisible = 0;
			defaultConfigurationName = Release;
		};
		6E451AFA1B88AE4D007188AB /* Build configuration list for PBXNativeTarget "DubaiConnectTests" */ = {
			isa = XCConfigurationList;
			buildConfigurations = (
				6E451AFB1B88AE4D007188AB /* Debug */,
				6E451AFC1B88AE4D007188AB /* Release */,
			);
			defaultConfigurationIsVisible = 0;
			defaultConfigurationName = Release;
		};
/* End XCConfigurationList section */

/* Begin XCVersionGroup section */
		6E451ADB1B88AE4D007188AB /* DubaiConnect.xcdatamodeld */ = {
			isa = XCVersionGroup;
			children = (
				6E451ADC1B88AE4D007188AB /* DubaiConnect.xcdatamodel */,
			);
			currentVersion = 6E451ADC1B88AE4D007188AB /* DubaiConnect.xcdatamodel */;
			path = DubaiConnect.xcdatamodeld;
			sourceTree = "<group>";
			versionGroupType = wrapper.xcdatamodel;
		};
/* End XCVersionGroup section */
	};
	rootObject = 6E451AC91B88AE4D007188AB /* Project object */;
}
