// !$*UTF8*$!
{
	archiveVersion = 1;
	classes = {
	};
	objectVersion = 46;
	objects = {

/* Begin PBXBuildFile section */
		07DBA5481B8E37D80089972F /* LocusLabsSDK.bundle in Resources */ = {isa = PBXBuildFile; fileRef = 07DBA5461B8E37D80089972F /* LocusLabsSDK.bundle */; };
		07DBA5491B8E37D80089972F /* LocusLabsSDK.framework in Frameworks */ = {isa = PBXBuildFile; fileRef = 07DBA5471B8E37D80089972F /* LocusLabsSDK.framework */; };
		07DBA54C1B8E39BF0089972F /* MapViewController.m in Sources */ = {isa = PBXBuildFile; fileRef = 07DBA54B1B8E39BF0089972F /* MapViewController.m */; };
		6E451AD71B88AE4D007188AB /* main.m in Sources */ = {isa = PBXBuildFile; fileRef = 6E451AD61B88AE4D007188AB /* main.m */; };
		6E451ADA1B88AE4D007188AB /* AppDelegate.m in Sources */ = {isa = PBXBuildFile; fileRef = 6E451AD91B88AE4D007188AB /* AppDelegate.m */; };
		6E451ADD1B88AE4D007188AB /* DubaiConnect.xcdatamodeld in Sources */ = {isa = PBXBuildFile; fileRef = 6E451ADB1B88AE4D007188AB /* DubaiConnect.xcdatamodeld */; };
		6E451AE01B88AE4D007188AB /* DCTimeLineViewController.m in Sources */ = {isa = PBXBuildFile; fileRef = 6E451ADF1B88AE4D007188AB /* DCTimeLineViewController.m */; };
		6E451AE31B88AE4D007188AB /* Main.storyboard in Resources */ = {isa = PBXBuildFile; fileRef = 6E451AE11B88AE4D007188AB /* Main.storyboard */; };
		6E451AE81B88AE4D007188AB /* LaunchScreen.xib in Resources */ = {isa = PBXBuildFile; fileRef = 6E451AE61B88AE4D007188AB /* LaunchScreen.xib */; };
		6E451AF41B88AE4D007188AB /* DubaiConnectTests.m in Sources */ = {isa = PBXBuildFile; fileRef = 6E451AF31B88AE4D007188AB /* DubaiConnectTests.m */; };
		6E451AFE1B88B024007188AB /* Images.xcassets in Resources */ = {isa = PBXBuildFile; fileRef = 6E451AFD1B88B024007188AB /* Images.xcassets */; };
		6E451B021B88B2EB007188AB /* DCTimeLineDetailViewController.m in Sources */ = {isa = PBXBuildFile; fileRef = 6E451B001B88B2EB007188AB /* DCTimeLineDetailViewController.m */; };
		6E451B091B88B763007188AB /* QuadCurveMenu.m in Sources */ = {isa = PBXBuildFile; fileRef = 6E451B061B88B763007188AB /* QuadCurveMenu.m */; settings = {COMPILER_FLAGS = "-fno-objc-arc"; }; };
		6E451B0A1B88B763007188AB /* QuadCurveMenuItem.m in Sources */ = {isa = PBXBuildFile; fileRef = 6E451B081B88B763007188AB /* QuadCurveMenuItem.m */; settings = {COMPILER_FLAGS = "-fno-objc-arc"; }; };
		6E451B0F1B88B7D2007188AB /* QuartzCore.framework in Frameworks */ = {isa = PBXBuildFile; fileRef = 6E451B0E1B88B7D2007188AB /* QuartzCore.framework */; };
		6E451B1F1B88BC8C007188AB /* bg-addbutton-highlighted.png in Resources */ = {isa = PBXBuildFile; fileRef = 6E451B111B88BC8C007188AB /* bg-addbutton-highlighted.png */; };
		6E451B201B88BC8C007188AB /* bg-addbutton-highlighted@2x.png in Resources */ = {isa = PBXBuildFile; fileRef = 6E451B121B88BC8C007188AB /* bg-addbutton-highlighted@2x.png */; };
		6E451B211B88BC8C007188AB /* bg-addbutton.png in Resources */ = {isa = PBXBuildFile; fileRef = 6E451B131B88BC8C007188AB /* bg-addbutton.png */; };
		6E451B221B88BC8C007188AB /* bg-addbutton@2x.png in Resources */ = {isa = PBXBuildFile; fileRef = 6E451B141B88BC8C007188AB /* bg-addbutton@2x.png */; };
		6E451B231B88BC8C007188AB /* bg-menuitem-highlighted.png in Resources */ = {isa = PBXBuildFile; fileRef = 6E451B151B88BC8C007188AB /* bg-menuitem-highlighted.png */; };
		6E451B241B88BC8C007188AB /* bg-menuitem-highlighted@2x.png in Resources */ = {isa = PBXBuildFile; fileRef = 6E451B161B88BC8C007188AB /* bg-menuitem-highlighted@2x.png */; };
		6E451B251B88BC8C007188AB /* bg-menuitem.png in Resources */ = {isa = PBXBuildFile; fileRef = 6E451B171B88BC8C007188AB /* bg-menuitem.png */; };
		6E451B261B88BC8C007188AB /* bg-menuitem@2x.png in Resources */ = {isa = PBXBuildFile; fileRef = 6E451B181B88BC8C007188AB /* bg-menuitem@2x.png */; };
		6E451B271B88BC8C007188AB /* icon-plus-highlighted.png in Resources */ = {isa = PBXBuildFile; fileRef = 6E451B191B88BC8C007188AB /* icon-plus-highlighted.png */; };
		6E451B281B88BC8C007188AB /* icon-plus-highlighted@2x.png in Resources */ = {isa = PBXBuildFile; fileRef = 6E451B1A1B88BC8C007188AB /* icon-plus-highlighted@2x.png */; };
		6E451B291B88BC8C007188AB /* icon-plus.png in Resources */ = {isa = PBXBuildFile; fileRef = 6E451B1B1B88BC8C007188AB /* icon-plus.png */; };
		6E451B2A1B88BC8C007188AB /* icon-plus@2x.png in Resources */ = {isa = PBXBuildFile; fileRef = 6E451B1C1B88BC8C007188AB /* icon-plus@2x.png */; };
		6E451B2B1B88BC8C007188AB /* icon-star.png in Resources */ = {isa = PBXBuildFile; fileRef = 6E451B1D1B88BC8C007188AB /* icon-star.png */; };
		6E451B2C1B88BC8C007188AB /* icon-star@2x.png in Resources */ = {isa = PBXBuildFile; fileRef = 6E451B1E1B88BC8C007188AB /* icon-star@2x.png */; };
		6E4E0CE11B8B9A23003A3F60 /* SquareCashStyleBar.m in Sources */ = {isa = PBXBuildFile; fileRef = 6E4E0CE01B8B9A23003A3F60 /* SquareCashStyleBar.m */; };
		6E4E0CF11B8B9A5E003A3F60 /* BLKDelegateSplitter.m in Sources */ = {isa = PBXBuildFile; fileRef = 6E4E0CE41B8B9A5E003A3F60 /* BLKDelegateSplitter.m */; };
		6E4E0CF21B8B9A5E003A3F60 /* BLKFlexibleHeightBar.m in Sources */ = {isa = PBXBuildFile; fileRef = 6E4E0CE61B8B9A5E003A3F60 /* BLKFlexibleHeightBar.m */; };
		6E4E0CF31B8B9A5E003A3F60 /* BLKFlexibleHeightBarBehaviorDefiner.m in Sources */ = {isa = PBXBuildFile; fileRef = 6E4E0CE81B8B9A5E003A3F60 /* BLKFlexibleHeightBarBehaviorDefiner.m */; };
		6E4E0CF41B8B9A5E003A3F60 /* BLKFlexibleHeightBarSubviewLayoutAttributes.m in Sources */ = {isa = PBXBuildFile; fileRef = 6E4E0CEA1B8B9A5E003A3F60 /* BLKFlexibleHeightBarSubviewLayoutAttributes.m */; };
		6E4E0CF61B8B9A5E003A3F60 /* DCSquareCashStyleBehaviorDefiner.m in Sources */ = {isa = PBXBuildFile; fileRef = 6E4E0CEE1B8B9A5E003A3F60 /* DCSquareCashStyleBehaviorDefiner.m */; };
		6E4E0CF71B8B9A5E003A3F60 /* UIView+BLKFlexibleHeightBarSubview.m in Sources */ = {isa = PBXBuildFile; fileRef = 6E4E0CF01B8B9A5E003A3F60 /* UIView+BLKFlexibleHeightBarSubview.m */; };
		6E4E0D011B8BB14A003A3F60 /* DCBookingViewController.m in Sources */ = {isa = PBXBuildFile; fileRef = 6E4E0CFF1B8BB14A003A3F60 /* DCBookingViewController.m */; };
		6E4E0D101B8DC3C2003A3F60 /* DCSearchResultsTableViewController.m in Sources */ = {isa = PBXBuildFile; fileRef = 6E4E0D0F1B8DC3C2003A3F60 /* DCSearchResultsTableViewController.m */; };
		6E4E0D211B8DF3B8003A3F60 /* DraggableView.m in Sources */ = {isa = PBXBuildFile; fileRef = 6E4E0D1C1B8DF3B8003A3F60 /* DraggableView.m */; };
		6E4E0D221B8DF3B8003A3F60 /* DraggableViewBackground.m in Sources */ = {isa = PBXBuildFile; fileRef = 6E4E0D1E1B8DF3B8003A3F60 /* DraggableViewBackground.m */; };
		6E4E0D231B8DF3B8003A3F60 /* OverlayView.m in Sources */ = {isa = PBXBuildFile; fileRef = 6E4E0D201B8DF3B8003A3F60 /* OverlayView.m */; };
		6E4E0D261B8E007A003A3F60 /* DCSwipeSplashViewController.m in Sources */ = {isa = PBXBuildFile; fileRef = 6E4E0D251B8E007A003A3F60 /* DCSwipeSplashViewController.m */; };
		9AD5D66C1B8B5A2D00DD10DC /* DCLoginViewController.m in Sources */ = {isa = PBXBuildFile; fileRef = 9AD5D66B1B8B5A2D00DD10DC /* DCLoginViewController.m */; };
		9AD5D6741B8B5ADB00DD10DC /* FBSDKCoreKit.framework in Frameworks */ = {isa = PBXBuildFile; fileRef = 9AD5D6721B8B5ADB00DD10DC /* FBSDKCoreKit.framework */; };
		9AD5D6751B8B5ADB00DD10DC /* FBSDKLoginKit.framework in Frameworks */ = {isa = PBXBuildFile; fileRef = 9AD5D6731B8B5ADB00DD10DC /* FBSDKLoginKit.framework */; };
		9AD5D6771B8B5BAC00DD10DC /* Facebook.png in Resources */ = {isa = PBXBuildFile; fileRef = 9AD5D6761B8B5BAC00DD10DC /* Facebook.png */; };
		9AD5D67E1B8B5C1C00DD10DC /* DCFacebookManager.m in Sources */ = {isa = PBXBuildFile; fileRef = 9AD5D67A1B8B5C1C00DD10DC /* DCFacebookManager.m */; };
		9AD5D67F1B8B5C1C00DD10DC /* ServiceCallManager.m in Sources */ = {isa = PBXBuildFile; fileRef = 9AD5D67D1B8B5C1C00DD10DC /* ServiceCallManager.m */; };
/* End PBXBuildFile section */

/* Begin PBXContainerItemProxy section */
		6E451AEE1B88AE4D007188AB /* PBXContainerItemProxy */ = {
			isa = PBXContainerItemProxy;
			containerPortal = 6E451AC91B88AE4D007188AB /* Project object */;
			proxyType = 1;
			remoteGlobalIDString = 6E451AD01B88AE4D007188AB;
			remoteInfo = DubaiConnect;
		};
/* End PBXContainerItemProxy section */

/* Begin PBXFileReference section */
		07DBA5461B8E37D80089972F /* LocusLabsSDK.bundle */ = {isa = PBXFileReference; lastKnownFileType = "wrapper.plug-in"; path = LocusLabsSDK.bundle; sourceTree = "<group>"; };
		07DBA5471B8E37D80089972F /* LocusLabsSDK.framework */ = {isa = PBXFileReference; lastKnownFileType = wrapper.framework; path = LocusLabsSDK.framework; sourceTree = "<group>"; };
		07DBA54A1B8E39BF0089972F /* MapViewController.h */ = {isa = PBXFileReference; fileEncoding = 4; lastKnownFileType = sourcecode.c.h; path = MapViewController.h; sourceTree = "<group>"; };
		07DBA54B1B8E39BF0089972F /* MapViewController.m */ = {isa = PBXFileReference; fileEncoding = 4; lastKnownFileType = sourcecode.c.objc; path = MapViewController.m; sourceTree = "<group>"; };
		6E451AD11B88AE4D007188AB /* DubaiConnect.app */ = {isa = PBXFileReference; explicitFileType = wrapper.application; includeInIndex = 0; path = DubaiConnect.app; sourceTree = BUILT_PRODUCTS_DIR; };
		6E451AD51B88AE4D007188AB /* Info.plist */ = {isa = PBXFileReference; lastKnownFileType = text.plist.xml; path = Info.plist; sourceTree = "<group>"; };
		6E451AD61B88AE4D007188AB /* main.m */ = {isa = PBXFileReference; lastKnownFileType = sourcecode.c.objc; path = main.m; sourceTree = "<group>"; };
		6E451AD81B88AE4D007188AB /* AppDelegate.h */ = {isa = PBXFileReference; lastKnownFileType = sourcecode.c.h; path = AppDelegate.h; sourceTree = "<group>"; };
		6E451AD91B88AE4D007188AB /* AppDelegate.m */ = {isa = PBXFileReference; lastKnownFileType = sourcecode.c.objc; path = AppDelegate.m; sourceTree = "<group>"; };
		6E451ADC1B88AE4D007188AB /* DubaiConnect.xcdatamodel */ = {isa = PBXFileReference; lastKnownFileType = wrapper.xcdatamodel; path = DubaiConnect.xcdatamodel; sourceTree = "<group>"; };
		6E451ADE1B88AE4D007188AB /* DCTimeLineViewController.h */ = {isa = PBXFileReference; lastKnownFileType = sourcecode.c.h; path = DCTimeLineViewController.h; sourceTree = "<group>"; };
		6E451ADF1B88AE4D007188AB /* DCTimeLineViewController.m */ = {isa = PBXFileReference; lastKnownFileType = sourcecode.c.objc; path = DCTimeLineViewController.m; sourceTree = "<group>"; };
		6E451AE21B88AE4D007188AB /* Base */ = {isa = PBXFileReference; lastKnownFileType = file.storyboard; name = Base; path = Base.lproj/Main.storyboard; sourceTree = "<group>"; };
		6E451AE71B88AE4D007188AB /* Base */ = {isa = PBXFileReference; lastKnownFileType = file.xib; name = Base; path = Base.lproj/LaunchScreen.xib; sourceTree = "<group>"; };
		6E451AED1B88AE4D007188AB /* DubaiConnectTests.xctest */ = {isa = PBXFileReference; explicitFileType = wrapper.cfbundle; includeInIndex = 0; path = DubaiConnectTests.xctest; sourceTree = BUILT_PRODUCTS_DIR; };
		6E451AF21B88AE4D007188AB /* Info.plist */ = {isa = PBXFileReference; lastKnownFileType = text.plist.xml; path = Info.plist; sourceTree = "<group>"; };
		6E451AF31B88AE4D007188AB /* DubaiConnectTests.m */ = {isa = PBXFileReference; lastKnownFileType = sourcecode.c.objc; path = DubaiConnectTests.m; sourceTree = "<group>"; };
		6E451AFD1B88B024007188AB /* Images.xcassets */ = {isa = PBXFileReference; lastKnownFileType = folder.assetcatalog; path = Images.xcassets; sourceTree = "<group>"; };
		6E451AFF1B88B2EB007188AB /* DCTimeLineDetailViewController.h */ = {isa = PBXFileReference; fileEncoding = 4; lastKnownFileType = sourcecode.c.h; path = DCTimeLineDetailViewController.h; sourceTree = "<group>"; };
		6E451B001B88B2EB007188AB /* DCTimeLineDetailViewController.m */ = {isa = PBXFileReference; fileEncoding = 4; lastKnownFileType = sourcecode.c.objc; path = DCTimeLineDetailViewController.m; sourceTree = "<group>"; };
		6E451B051B88B763007188AB /* QuadCurveMenu.h */ = {isa = PBXFileReference; fileEncoding = 4; lastKnownFileType = sourcecode.c.h; path = QuadCurveMenu.h; sourceTree = "<group>"; };
		6E451B061B88B763007188AB /* QuadCurveMenu.m */ = {isa = PBXFileReference; fileEncoding = 4; lastKnownFileType = sourcecode.c.objc; path = QuadCurveMenu.m; sourceTree = "<group>"; };
		6E451B071B88B763007188AB /* QuadCurveMenuItem.h */ = {isa = PBXFileReference; fileEncoding = 4; lastKnownFileType = sourcecode.c.h; path = QuadCurveMenuItem.h; sourceTree = "<group>"; };
		6E451B081B88B763007188AB /* QuadCurveMenuItem.m */ = {isa = PBXFileReference; fileEncoding = 4; lastKnownFileType = sourcecode.c.objc; path = QuadCurveMenuItem.m; sourceTree = "<group>"; };
		6E451B0E1B88B7D2007188AB /* QuartzCore.framework */ = {isa = PBXFileReference; lastKnownFileType = wrapper.framework; name = QuartzCore.framework; path = System/Library/Frameworks/QuartzCore.framework; sourceTree = SDKROOT; };
		6E451B111B88BC8C007188AB /* bg-addbutton-highlighted.png */ = {isa = PBXFileReference; lastKnownFileType = image.png; path = "bg-addbutton-highlighted.png"; sourceTree = "<group>"; };
		6E451B121B88BC8C007188AB /* bg-addbutton-highlighted@2x.png */ = {isa = PBXFileReference; lastKnownFileType = image.png; path = "bg-addbutton-highlighted@2x.png"; sourceTree = "<group>"; };
		6E451B131B88BC8C007188AB /* bg-addbutton.png */ = {isa = PBXFileReference; lastKnownFileType = image.png; path = "bg-addbutton.png"; sourceTree = "<group>"; };
		6E451B141B88BC8C007188AB /* bg-addbutton@2x.png */ = {isa = PBXFileReference; lastKnownFileType = image.png; path = "bg-addbutton@2x.png"; sourceTree = "<group>"; };
		6E451B151B88BC8C007188AB /* bg-menuitem-highlighted.png */ = {isa = PBXFileReference; lastKnownFileType = image.png; path = "bg-menuitem-highlighted.png"; sourceTree = "<group>"; };
		6E451B161B88BC8C007188AB /* bg-menuitem-highlighted@2x.png */ = {isa = PBXFileReference; lastKnownFileType = image.png; path = "bg-menuitem-highlighted@2x.png"; sourceTree = "<group>"; };
		6E451B171B88BC8C007188AB /* bg-menuitem.png */ = {isa = PBXFileReference; lastKnownFileType = image.png; path = "bg-menuitem.png"; sourceTree = "<group>"; };
		6E451B181B88BC8C007188AB /* bg-menuitem@2x.png */ = {isa = PBXFileReference; lastKnownFileType = image.png; path = "bg-menuitem@2x.png"; sourceTree = "<group>"; };
		6E451B191B88BC8C007188AB /* icon-plus-highlighted.png */ = {isa = PBXFileReference; lastKnownFileType = image.png; path = "icon-plus-highlighted.png"; sourceTree = "<group>"; };
		6E451B1A1B88BC8C007188AB /* icon-plus-highlighted@2x.png */ = {isa = PBXFileReference; lastKnownFileType = image.png; path = "icon-plus-highlighted@2x.png"; sourceTree = "<group>"; };
		6E451B1B1B88BC8C007188AB /* icon-plus.png */ = {isa = PBXFileReference; lastKnownFileType = image.png; path = "icon-plus.png"; sourceTree = "<group>"; };
		6E451B1C1B88BC8C007188AB /* icon-plus@2x.png */ = {isa = PBXFileReference; lastKnownFileType = image.png; path = "icon-plus@2x.png"; sourceTree = "<group>"; };
		6E451B1D1B88BC8C007188AB /* icon-star.png */ = {isa = PBXFileReference; lastKnownFileType = image.png; path = "icon-star.png"; sourceTree = "<group>"; };
		6E451B1E1B88BC8C007188AB /* icon-star@2x.png */ = {isa = PBXFileReference; lastKnownFileType = image.png; path = "icon-star@2x.png"; sourceTree = "<group>"; };
		6E4E0CDF1B8B9A23003A3F60 /* SquareCashStyleBar.h */ = {isa = PBXFileReference; fileEncoding = 4; lastKnownFileType = sourcecode.c.h; path = SquareCashStyleBar.h; sourceTree = "<group>"; };
		6E4E0CE01B8B9A23003A3F60 /* SquareCashStyleBar.m */ = {isa = PBXFileReference; fileEncoding = 4; lastKnownFileType = sourcecode.c.objc; path = SquareCashStyleBar.m; sourceTree = "<group>"; };
		6E4E0CE31B8B9A5E003A3F60 /* BLKDelegateSplitter.h */ = {isa = PBXFileReference; fileEncoding = 4; lastKnownFileType = sourcecode.c.h; path = BLKDelegateSplitter.h; sourceTree = "<group>"; };
		6E4E0CE41B8B9A5E003A3F60 /* BLKDelegateSplitter.m */ = {isa = PBXFileReference; fileEncoding = 4; lastKnownFileType = sourcecode.c.objc; path = BLKDelegateSplitter.m; sourceTree = "<group>"; };
		6E4E0CE51B8B9A5E003A3F60 /* BLKFlexibleHeightBar.h */ = {isa = PBXFileReference; fileEncoding = 4; lastKnownFileType = sourcecode.c.h; path = BLKFlexibleHeightBar.h; sourceTree = "<group>"; };
		6E4E0CE61B8B9A5E003A3F60 /* BLKFlexibleHeightBar.m */ = {isa = PBXFileReference; fileEncoding = 4; lastKnownFileType = sourcecode.c.objc; path = BLKFlexibleHeightBar.m; sourceTree = "<group>"; };
		6E4E0CE71B8B9A5E003A3F60 /* BLKFlexibleHeightBarBehaviorDefiner.h */ = {isa = PBXFileReference; fileEncoding = 4; lastKnownFileType = sourcecode.c.h; path = BLKFlexibleHeightBarBehaviorDefiner.h; sourceTree = "<group>"; };
		6E4E0CE81B8B9A5E003A3F60 /* BLKFlexibleHeightBarBehaviorDefiner.m */ = {isa = PBXFileReference; fileEncoding = 4; lastKnownFileType = sourcecode.c.objc; path = BLKFlexibleHeightBarBehaviorDefiner.m; sourceTree = "<group>"; };
		6E4E0CE91B8B9A5E003A3F60 /* BLKFlexibleHeightBarSubviewLayoutAttributes.h */ = {isa = PBXFileReference; fileEncoding = 4; lastKnownFileType = sourcecode.c.h; path = BLKFlexibleHeightBarSubviewLayoutAttributes.h; sourceTree = "<group>"; };
		6E4E0CEA1B8B9A5E003A3F60 /* BLKFlexibleHeightBarSubviewLayoutAttributes.m */ = {isa = PBXFileReference; fileEncoding = 4; lastKnownFileType = sourcecode.c.objc; path = BLKFlexibleHeightBarSubviewLayoutAttributes.m; sourceTree = "<group>"; };
		6E4E0CED1B8B9A5E003A3F60 /* DCSquareCashStyleBehaviorDefiner.h */ = {isa = PBXFileReference; fileEncoding = 4; lastKnownFileType = sourcecode.c.h; path = DCSquareCashStyleBehaviorDefiner.h; sourceTree = "<group>"; };
		6E4E0CEE1B8B9A5E003A3F60 /* DCSquareCashStyleBehaviorDefiner.m */ = {isa = PBXFileReference; fileEncoding = 4; lastKnownFileType = sourcecode.c.objc; path = DCSquareCashStyleBehaviorDefiner.m; sourceTree = "<group>"; };
		6E4E0CEF1B8B9A5E003A3F60 /* UIView+BLKFlexibleHeightBarSubview.h */ = {isa = PBXFileReference; fileEncoding = 4; lastKnownFileType = sourcecode.c.h; path = "UIView+BLKFlexibleHeightBarSubview.h"; sourceTree = "<group>"; };
		6E4E0CF01B8B9A5E003A3F60 /* UIView+BLKFlexibleHeightBarSubview.m */ = {isa = PBXFileReference; fileEncoding = 4; lastKnownFileType = sourcecode.c.objc; path = "UIView+BLKFlexibleHeightBarSubview.m"; sourceTree = "<group>"; };
		6E4E0CFE1B8BB14A003A3F60 /* DCBookingViewController.h */ = {isa = PBXFileReference; fileEncoding = 4; lastKnownFileType = sourcecode.c.h; name = DCBookingViewController.h; path = ../DCBookingViewController.h; sourceTree = "<group>"; };
		6E4E0CFF1B8BB14A003A3F60 /* DCBookingViewController.m */ = {isa = PBXFileReference; fileEncoding = 4; lastKnownFileType = sourcecode.c.objc; name = DCBookingViewController.m; path = ../DCBookingViewController.m; sourceTree = "<group>"; };
		6E4E0D0E1B8DC3C2003A3F60 /* DCSearchResultsTableViewController.h */ = {isa = PBXFileReference; fileEncoding = 4; lastKnownFileType = sourcecode.c.h; path = DCSearchResultsTableViewController.h; sourceTree = "<group>"; };
		6E4E0D0F1B8DC3C2003A3F60 /* DCSearchResultsTableViewController.m */ = {isa = PBXFileReference; fileEncoding = 4; lastKnownFileType = sourcecode.c.objc; path = DCSearchResultsTableViewController.m; sourceTree = "<group>"; };
		6E4E0D1B1B8DF3B8003A3F60 /* DraggableView.h */ = {isa = PBXFileReference; fileEncoding = 4; lastKnownFileType = sourcecode.c.h; path = DraggableView.h; sourceTree = "<group>"; };
		6E4E0D1C1B8DF3B8003A3F60 /* DraggableView.m */ = {isa = PBXFileReference; fileEncoding = 4; lastKnownFileType = sourcecode.c.objc; path = DraggableView.m; sourceTree = "<group>"; };
		6E4E0D1D1B8DF3B8003A3F60 /* DraggableViewBackground.h */ = {isa = PBXFileReference; fileEncoding = 4; lastKnownFileType = sourcecode.c.h; path = DraggableViewBackground.h; sourceTree = "<group>"; };
		6E4E0D1E1B8DF3B8003A3F60 /* DraggableViewBackground.m */ = {isa = PBXFileReference; fileEncoding = 4; lastKnownFileType = sourcecode.c.objc; path = DraggableViewBackground.m; sourceTree = "<group>"; };
		6E4E0D1F1B8DF3B8003A3F60 /* OverlayView.h */ = {isa = PBXFileReference; fileEncoding = 4; lastKnownFileType = sourcecode.c.h; path = OverlayView.h; sourceTree = "<group>"; };
		6E4E0D201B8DF3B8003A3F60 /* OverlayView.m */ = {isa = PBXFileReference; fileEncoding = 4; lastKnownFileType = sourcecode.c.objc; path = OverlayView.m; sourceTree = "<group>"; };
		6E4E0D241B8E007A003A3F60 /* DCSwipeSplashViewController.h */ = {isa = PBXFileReference; fileEncoding = 4; lastKnownFileType = sourcecode.c.h; name = DCSwipeSplashViewController.h; path = DubaiConnect/DCSwipeSplashViewController.h; sourceTree = SOURCE_ROOT; };
		6E4E0D251B8E007A003A3F60 /* DCSwipeSplashViewController.m */ = {isa = PBXFileReference; fileEncoding = 4; lastKnownFileType = sourcecode.c.objc; name = DCSwipeSplashViewController.m; path = DubaiConnect/DCSwipeSplashViewController.m; sourceTree = SOURCE_ROOT; };
		9AD5D66A1B8B5A2D00DD10DC /* DCLoginViewController.h */ = {isa = PBXFileReference; fileEncoding = 4; lastKnownFileType = sourcecode.c.h; name = DCLoginViewController.h; path = DubaiConnect/DCLoginViewController.h; sourceTree = SOURCE_ROOT; };
		9AD5D66B1B8B5A2D00DD10DC /* DCLoginViewController.m */ = {isa = PBXFileReference; fileEncoding = 4; lastKnownFileType = sourcecode.c.objc; name = DCLoginViewController.m; path = DubaiConnect/DCLoginViewController.m; sourceTree = SOURCE_ROOT; };
		9AD5D6721B8B5ADB00DD10DC /* FBSDKCoreKit.framework */ = {isa = PBXFileReference; lastKnownFileType = wrapper.framework; name = FBSDKCoreKit.framework; path = DubaiConnect/FrameWorks/FBSDKCoreKit.framework; sourceTree = "<group>"; };
		9AD5D6731B8B5ADB00DD10DC /* FBSDKLoginKit.framework */ = {isa = PBXFileReference; lastKnownFileType = wrapper.framework; name = FBSDKLoginKit.framework; path = DubaiConnect/FrameWorks/FBSDKLoginKit.framework; sourceTree = "<group>"; };
		9AD5D6761B8B5BAC00DD10DC /* Facebook.png */ = {isa = PBXFileReference; lastKnownFileType = image.png; path = Facebook.png; sourceTree = "<group>"; };
		9AD5D6791B8B5C1C00DD10DC /* DCFacebookManager.h */ = {isa = PBXFileReference; fileEncoding = 4; lastKnownFileType = sourcecode.c.h; path = DCFacebookManager.h; sourceTree = "<group>"; };
		9AD5D67A1B8B5C1C00DD10DC /* DCFacebookManager.m */ = {isa = PBXFileReference; fileEncoding = 4; lastKnownFileType = sourcecode.c.objc; path = DCFacebookManager.m; sourceTree = "<group>"; };
		9AD5D67C1B8B5C1C00DD10DC /* ServiceCallManager.h */ = {isa = PBXFileReference; fileEncoding = 4; lastKnownFileType = sourcecode.c.h; path = ServiceCallManager.h; sourceTree = "<group>"; };
		9AD5D67D1B8B5C1C00DD10DC /* ServiceCallManager.m */ = {isa = PBXFileReference; fileEncoding = 4; lastKnownFileType = sourcecode.c.objc; path = ServiceCallManager.m; sourceTree = "<group>"; };
/* End PBXFileReference section */

/* Begin PBXFrameworksBuildPhase section */
		6E451ACE1B88AE4D007188AB /* Frameworks */ = {
			isa = PBXFrameworksBuildPhase;
			buildActionMask = 2147483647;
			files = (
				07DBA5491B8E37D80089972F /* LocusLabsSDK.framework in Frameworks */,
				9AD5D6741B8B5ADB00DD10DC /* FBSDKCoreKit.framework in Frameworks */,
				9AD5D6751B8B5ADB00DD10DC /* FBSDKLoginKit.framework in Frameworks */,
				6E451B0F1B88B7D2007188AB /* QuartzCore.framework in Frameworks */,
			);
			runOnlyForDeploymentPostprocessing = 0;
		};
		6E451AEA1B88AE4D007188AB /* Frameworks */ = {
			isa = PBXFrameworksBuildPhase;
			buildActionMask = 2147483647;
			files = (
			);
			runOnlyForDeploymentPostprocessing = 0;
		};
/* End PBXFrameworksBuildPhase section */

/* Begin PBXGroup section */
		07DBA5451B8E33D60089972F /* BeaconMap */ = {
			isa = PBXGroup;
			children = (
				07DBA54A1B8E39BF0089972F /* MapViewController.h */,
				07DBA54B1B8E39BF0089972F /* MapViewController.m */,
			);
			name = BeaconMap;
			sourceTree = "<group>";
		};
		6E451AC81B88AE4D007188AB = {
			isa = PBXGroup;
			children = (
				9AD5D6721B8B5ADB00DD10DC /* FBSDKCoreKit.framework */,
				9AD5D6731B8B5ADB00DD10DC /* FBSDKLoginKit.framework */,
				6E451B0E1B88B7D2007188AB /* QuartzCore.framework */,
				6E451AD31B88AE4D007188AB /* DubaiConnect */,
				6E451AF01B88AE4D007188AB /* DubaiConnectTests */,
				6E451AD21B88AE4D007188AB /* Products */,
			);
			sourceTree = "<group>";
		};
		6E451AD21B88AE4D007188AB /* Products */ = {
			isa = PBXGroup;
			children = (
				6E451AD11B88AE4D007188AB /* DubaiConnect.app */,
				6E451AED1B88AE4D007188AB /* DubaiConnectTests.xctest */,
			);
			name = Products;
			sourceTree = "<group>";
		};
		6E451AD31B88AE4D007188AB /* DubaiConnect */ = {
			isa = PBXGroup;
			children = (

				6E4E0D111B8DF23F003A3F60 /* Swipe Control */,

				07DBA5451B8E33D60089972F /* BeaconMap */,

				6E4E0CDE1B8B9A23003A3F60 /* TimeLineHeader */,
				9AD5D6781B8B5C1C00DD10DC /* FBManager */,
				9AD5D67B1B8B5C1C00DD10DC /* ServiceManager */,
				9AD5D6711B8B5AC300DD10DC /* FrameWorks */,
				6E451B041B88B763007188AB /* CurveMenu */,
				6E4E0D241B8E007A003A3F60 /* DCSwipeSplashViewController.h */,
				6E4E0D251B8E007A003A3F60 /* DCSwipeSplashViewController.m */,
				6E4E0CFE1B8BB14A003A3F60 /* DCBookingViewController.h */,
				6E4E0CFF1B8BB14A003A3F60 /* DCBookingViewController.m */,
				9AD5D66A1B8B5A2D00DD10DC /* DCLoginViewController.h */,
				9AD5D66B1B8B5A2D00DD10DC /* DCLoginViewController.m */,
				6E451AFF1B88B2EB007188AB /* DCTimeLineDetailViewController.h */,
				6E451B001B88B2EB007188AB /* DCTimeLineDetailViewController.m */,
				6E4E0D0E1B8DC3C2003A3F60 /* DCSearchResultsTableViewController.h */,
				6E4E0D0F1B8DC3C2003A3F60 /* DCSearchResultsTableViewController.m */,
				6E451ADE1B88AE4D007188AB /* DCTimeLineViewController.h */,
				6E451ADF1B88AE4D007188AB /* DCTimeLineViewController.m */,
				6E451AE11B88AE4D007188AB /* Main.storyboard */,
				6E451AE61B88AE4D007188AB /* LaunchScreen.xib */,
				6E451ADB1B88AE4D007188AB /* DubaiConnect.xcdatamodeld */,
				6E451AD41B88AE4D007188AB /* Supporting Files */,
			);
			path = DubaiConnect;
			sourceTree = "<group>";
		};
		6E451AD41B88AE4D007188AB /* Supporting Files */ = {
			isa = PBXGroup;
			children = (
				6E451AD81B88AE4D007188AB /* AppDelegate.h */,
				6E451AD91B88AE4D007188AB /* AppDelegate.m */,
				6E451B101B88BC8C007188AB /* Images */,
				6E451AFD1B88B024007188AB /* Images.xcassets */,
				6E451AD51B88AE4D007188AB /* Info.plist */,
				6E451AD61B88AE4D007188AB /* main.m */,
			);
			name = "Supporting Files";
			sourceTree = "<group>";
		};
		6E451AF01B88AE4D007188AB /* DubaiConnectTests */ = {
			isa = PBXGroup;
			children = (
				6E451AF31B88AE4D007188AB /* DubaiConnectTests.m */,
				6E451AF11B88AE4D007188AB /* Supporting Files */,
			);
			path = DubaiConnectTests;
			sourceTree = "<group>";
		};
		6E451AF11B88AE4D007188AB /* Supporting Files */ = {
			isa = PBXGroup;
			children = (
				6E451AF21B88AE4D007188AB /* Info.plist */,
			);
			name = "Supporting Files";
			sourceTree = "<group>";
		};
		6E451B041B88B763007188AB /* CurveMenu */ = {
			isa = PBXGroup;
			children = (
				6E451B051B88B763007188AB /* QuadCurveMenu.h */,
				6E451B061B88B763007188AB /* QuadCurveMenu.m */,
				6E451B071B88B763007188AB /* QuadCurveMenuItem.h */,
				6E451B081B88B763007188AB /* QuadCurveMenuItem.m */,
			);
			path = CurveMenu;
			sourceTree = "<group>";
		};
		6E451B101B88BC8C007188AB /* Images */ = {
			isa = PBXGroup;
			children = (
				9AD5D6761B8B5BAC00DD10DC /* Facebook.png */,
				6E451B111B88BC8C007188AB /* bg-addbutton-highlighted.png */,
				6E451B121B88BC8C007188AB /* bg-addbutton-highlighted@2x.png */,
				6E451B131B88BC8C007188AB /* bg-addbutton.png */,
				6E451B141B88BC8C007188AB /* bg-addbutton@2x.png */,
				6E451B151B88BC8C007188AB /* bg-menuitem-highlighted.png */,
				6E451B161B88BC8C007188AB /* bg-menuitem-highlighted@2x.png */,
				6E451B171B88BC8C007188AB /* bg-menuitem.png */,
				6E451B181B88BC8C007188AB /* bg-menuitem@2x.png */,
				6E451B191B88BC8C007188AB /* icon-plus-highlighted.png */,
				6E451B1A1B88BC8C007188AB /* icon-plus-highlighted@2x.png */,
				6E451B1B1B88BC8C007188AB /* icon-plus.png */,
				6E451B1C1B88BC8C007188AB /* icon-plus@2x.png */,
				6E451B1D1B88BC8C007188AB /* icon-star.png */,
				6E451B1E1B88BC8C007188AB /* icon-star@2x.png */,
			);
			path = Images;
			sourceTree = "<group>";
		};
		6E4E0CDE1B8B9A23003A3F60 /* TimeLineHeader */ = {
			isa = PBXGroup;
			children = (
				6E4E0CE21B8B9A5E003A3F60 /* BLKFlexibleHeightBar */,
				6E4E0CDF1B8B9A23003A3F60 /* SquareCashStyleBar.h */,
				6E4E0CE01B8B9A23003A3F60 /* SquareCashStyleBar.m */,
			);
			path = TimeLineHeader;
			sourceTree = "<group>";
		};
		6E4E0CE21B8B9A5E003A3F60 /* BLKFlexibleHeightBar */ = {
			isa = PBXGroup;
			children = (
				6E4E0CE31B8B9A5E003A3F60 /* BLKDelegateSplitter.h */,
				6E4E0CE41B8B9A5E003A3F60 /* BLKDelegateSplitter.m */,
				6E4E0CE51B8B9A5E003A3F60 /* BLKFlexibleHeightBar.h */,
				6E4E0CE61B8B9A5E003A3F60 /* BLKFlexibleHeightBar.m */,
				6E4E0CE71B8B9A5E003A3F60 /* BLKFlexibleHeightBarBehaviorDefiner.h */,
				6E4E0CE81B8B9A5E003A3F60 /* BLKFlexibleHeightBarBehaviorDefiner.m */,
				6E4E0CE91B8B9A5E003A3F60 /* BLKFlexibleHeightBarSubviewLayoutAttributes.h */,
				6E4E0CEA1B8B9A5E003A3F60 /* BLKFlexibleHeightBarSubviewLayoutAttributes.m */,
				6E4E0CED1B8B9A5E003A3F60 /* DCSquareCashStyleBehaviorDefiner.h */,
				6E4E0CEE1B8B9A5E003A3F60 /* DCSquareCashStyleBehaviorDefiner.m */,
				6E4E0CEF1B8B9A5E003A3F60 /* UIView+BLKFlexibleHeightBarSubview.h */,
				6E4E0CF01B8B9A5E003A3F60 /* UIView+BLKFlexibleHeightBarSubview.m */,
			);
			path = BLKFlexibleHeightBar;
			sourceTree = "<group>";
		};
		6E4E0D111B8DF23F003A3F60 /* Swipe Control */ = {
			isa = PBXGroup;
			children = (
				6E4E0D1B1B8DF3B8003A3F60 /* DraggableView.h */,
				6E4E0D1C1B8DF3B8003A3F60 /* DraggableView.m */,
				6E4E0D1D1B8DF3B8003A3F60 /* DraggableViewBackground.h */,
				6E4E0D1E1B8DF3B8003A3F60 /* DraggableViewBackground.m */,
				6E4E0D1F1B8DF3B8003A3F60 /* OverlayView.h */,
				6E4E0D201B8DF3B8003A3F60 /* OverlayView.m */,
			);
			path = "Swipe Control";
			sourceTree = "<group>";
		};
		9AD5D6711B8B5AC300DD10DC /* FrameWorks */ = {
			isa = PBXGroup;
			children = (
				07DBA5461B8E37D80089972F /* LocusLabsSDK.bundle */,
				07DBA5471B8E37D80089972F /* LocusLabsSDK.framework */,
			);
			path = FrameWorks;
			sourceTree = "<group>";
		};
		9AD5D6781B8B5C1C00DD10DC /* FBManager */ = {
			isa = PBXGroup;
			children = (
				9AD5D6791B8B5C1C00DD10DC /* DCFacebookManager.h */,
				9AD5D67A1B8B5C1C00DD10DC /* DCFacebookManager.m */,
			);
			path = FBManager;
			sourceTree = "<group>";
		};
		9AD5D67B1B8B5C1C00DD10DC /* ServiceManager */ = {
			isa = PBXGroup;
			children = (
				9AD5D67C1B8B5C1C00DD10DC /* ServiceCallManager.h */,
				9AD5D67D1B8B5C1C00DD10DC /* ServiceCallManager.m */,
			);
			path = ServiceManager;
			sourceTree = "<group>";
		};
/* End PBXGroup section */

/* Begin PBXNativeTarget section */
		6E451AD01B88AE4D007188AB /* DubaiConnect */ = {
			isa = PBXNativeTarget;
			buildConfigurationList = 6E451AF71B88AE4D007188AB /* Build configuration list for PBXNativeTarget "DubaiConnect" */;
			buildPhases = (
				6E451ACD1B88AE4D007188AB /* Sources */,
				6E451ACE1B88AE4D007188AB /* Frameworks */,
				6E451ACF1B88AE4D007188AB /* Resources */,
			);
			buildRules = (
			);
			dependencies = (
			);
			name = DubaiConnect;
			productName = DubaiConnect;
			productReference = 6E451AD11B88AE4D007188AB /* DubaiConnect.app */;
			productType = "com.apple.product-type.application";
		};
		6E451AEC1B88AE4D007188AB /* DubaiConnectTests */ = {
			isa = PBXNativeTarget;
			buildConfigurationList = 6E451AFA1B88AE4D007188AB /* Build configuration list for PBXNativeTarget "DubaiConnectTests" */;
			buildPhases = (
				6E451AE91B88AE4D007188AB /* Sources */,
				6E451AEA1B88AE4D007188AB /* Frameworks */,
				6E451AEB1B88AE4D007188AB /* Resources */,
			);
			buildRules = (
			);
			dependencies = (
				6E451AEF1B88AE4D007188AB /* PBXTargetDependency */,
			);
			name = DubaiConnectTests;
			productName = DubaiConnectTests;
			productReference = 6E451AED1B88AE4D007188AB /* DubaiConnectTests.xctest */;
			productType = "com.apple.product-type.bundle.unit-test";
		};
/* End PBXNativeTarget section */

/* Begin PBXProject section */
		6E451AC91B88AE4D007188AB /* Project object */ = {
			isa = PBXProject;
			attributes = {
				LastUpgradeCheck = 0640;
				ORGANIZATIONNAME = Anoop;
				TargetAttributes = {
					6E451AD01B88AE4D007188AB = {
						CreatedOnToolsVersion = 6.4;
					};
					6E451AEC1B88AE4D007188AB = {
						CreatedOnToolsVersion = 6.4;
						TestTargetID = 6E451AD01B88AE4D007188AB;
					};
				};
			};
			buildConfigurationList = 6E451ACC1B88AE4D007188AB /* Build configuration list for PBXProject "DubaiConnect" */;
			compatibilityVersion = "Xcode 3.2";
			developmentRegion = English;
			hasScannedForEncodings = 0;
			knownRegions = (
				en,
				Base,
			);
			mainGroup = 6E451AC81B88AE4D007188AB;
			productRefGroup = 6E451AD21B88AE4D007188AB /* Products */;
			projectDirPath = "";
			projectRoot = "";
			targets = (
				6E451AD01B88AE4D007188AB /* DubaiConnect */,
				6E451AEC1B88AE4D007188AB /* DubaiConnectTests */,
			);
		};
/* End PBXProject section */

/* Begin PBXResourcesBuildPhase section */
		6E451ACF1B88AE4D007188AB /* Resources */ = {
			isa = PBXResourcesBuildPhase;
			buildActionMask = 2147483647;
			files = (
				6E451B211B88BC8C007188AB /* bg-addbutton.png in Resources */,
				6E451AFE1B88B024007188AB /* Images.xcassets in Resources */,
				6E451B251B88BC8C007188AB /* bg-menuitem.png in Resources */,
				07DBA5481B8E37D80089972F /* LocusLabsSDK.bundle in Resources */,
				6E451B201B88BC8C007188AB /* bg-addbutton-highlighted@2x.png in Resources */,
				6E451B291B88BC8C007188AB /* icon-plus.png in Resources */,
				6E451B271B88BC8C007188AB /* icon-plus-highlighted.png in Resources */,
				6E451B221B88BC8C007188AB /* bg-addbutton@2x.png in Resources */,
				9AD5D6771B8B5BAC00DD10DC /* Facebook.png in Resources */,
				6E451B2C1B88BC8C007188AB /* icon-star@2x.png in Resources */,
				6E451B2A1B88BC8C007188AB /* icon-plus@2x.png in Resources */,
				6E451B261B88BC8C007188AB /* bg-menuitem@2x.png in Resources */,
				6E451AE31B88AE4D007188AB /* Main.storyboard in Resources */,
				6E451AE81B88AE4D007188AB /* LaunchScreen.xib in Resources */,
				6E451B281B88BC8C007188AB /* icon-plus-highlighted@2x.png in Resources */,
				6E451B2B1B88BC8C007188AB /* icon-star.png in Resources */,
				6E451B231B88BC8C007188AB /* bg-menuitem-highlighted.png in Resources */,
				6E451B241B88BC8C007188AB /* bg-menuitem-highlighted@2x.png in Resources */,
				6E451B1F1B88BC8C007188AB /* bg-addbutton-highlighted.png in Resources */,
			);
			runOnlyForDeploymentPostprocessing = 0;
		};
		6E451AEB1B88AE4D007188AB /* Resources */ = {
			isa = PBXResourcesBuildPhase;
			buildActionMask = 2147483647;
			files = (
			);
			runOnlyForDeploymentPostprocessing = 0;
		};
/* End PBXResourcesBuildPhase section */

/* Begin PBXSourcesBuildPhase section */
		6E451ACD1B88AE4D007188AB /* Sources */ = {
			isa = PBXSourcesBuildPhase;
			buildActionMask = 2147483647;
			files = (
				9AD5D67E1B8B5C1C00DD10DC /* DCFacebookManager.m in Sources */,
				6E451ADA1B88AE4D007188AB /* AppDelegate.m in Sources */,
				9AD5D66C1B8B5A2D00DD10DC /* DCLoginViewController.m in Sources */,
				6E4E0CF21B8B9A5E003A3F60 /* BLKFlexibleHeightBar.m in Sources */,
				6E451ADD1B88AE4D007188AB /* DubaiConnect.xcdatamodeld in Sources */,
				6E4E0CE11B8B9A23003A3F60 /* SquareCashStyleBar.m in Sources */,
				6E451AE01B88AE4D007188AB /* DCTimeLineViewController.m in Sources */,
				6E4E0D101B8DC3C2003A3F60 /* DCSearchResultsTableViewController.m in Sources */,
				6E4E0CF61B8B9A5E003A3F60 /* DCSquareCashStyleBehaviorDefiner.m in Sources */,
				6E4E0D221B8DF3B8003A3F60 /* DraggableViewBackground.m in Sources */,
				9AD5D67F1B8B5C1C00DD10DC /* ServiceCallManager.m in Sources */,
				6E4E0CF11B8B9A5E003A3F60 /* BLKDelegateSplitter.m in Sources */,
				6E4E0CF41B8B9A5E003A3F60 /* BLKFlexibleHeightBarSubviewLayoutAttributes.m in Sources */,
				6E451B091B88B763007188AB /* QuadCurveMenu.m in Sources */,
				6E4E0CF71B8B9A5E003A3F60 /* UIView+BLKFlexibleHeightBarSubview.m in Sources */,
				6E4E0D211B8DF3B8003A3F60 /* DraggableView.m in Sources */,
				6E4E0D011B8BB14A003A3F60 /* DCBookingViewController.m in Sources */,
				6E451B021B88B2EB007188AB /* DCTimeLineDetailViewController.m in Sources */,
				6E4E0D261B8E007A003A3F60 /* DCSwipeSplashViewController.m in Sources */,
				6E451B0A1B88B763007188AB /* QuadCurveMenuItem.m in Sources */,
				07DBA54C1B8E39BF0089972F /* MapViewController.m in Sources */,
				6E451AD71B88AE4D007188AB /* main.m in Sources */,
				6E4E0CF31B8B9A5E003A3F60 /* BLKFlexibleHeightBarBehaviorDefiner.m in Sources */,
				6E4E0D231B8DF3B8003A3F60 /* OverlayView.m in Sources */,
			);
			runOnlyForDeploymentPostprocessing = 0;
		};
		6E451AE91B88AE4D007188AB /* Sources */ = {
			isa = PBXSourcesBuildPhase;
			buildActionMask = 2147483647;
			files = (
				6E451AF41B88AE4D007188AB /* DubaiConnectTests.m in Sources */,
			);
			runOnlyForDeploymentPostprocessing = 0;
		};
/* End PBXSourcesBuildPhase section */

/* Begin PBXTargetDependency section */
		6E451AEF1B88AE4D007188AB /* PBXTargetDependency */ = {
			isa = PBXTargetDependency;
			target = 6E451AD01B88AE4D007188AB /* DubaiConnect */;
			targetProxy = 6E451AEE1B88AE4D007188AB /* PBXContainerItemProxy */;
		};
/* End PBXTargetDependency section */

/* Begin PBXVariantGroup section */
		6E451AE11B88AE4D007188AB /* Main.storyboard */ = {
			isa = PBXVariantGroup;
			children = (
				6E451AE21B88AE4D007188AB /* Base */,
			);
			name = Main.storyboard;
			sourceTree = "<group>";
		};
		6E451AE61B88AE4D007188AB /* LaunchScreen.xib */ = {
			isa = PBXVariantGroup;
			children = (
				6E451AE71B88AE4D007188AB /* Base */,
			);
			name = LaunchScreen.xib;
			sourceTree = "<group>";
		};
/* End PBXVariantGroup section */

/* Begin XCBuildConfiguration section */
		6E451AF51B88AE4D007188AB /* Debug */ = {
			isa = XCBuildConfiguration;
			buildSettings = {
				ALWAYS_SEARCH_USER_PATHS = NO;
				CLANG_CXX_LANGUAGE_STANDARD = "gnu++0x";
				CLANG_CXX_LIBRARY = "libc++";
				CLANG_ENABLE_MODULES = YES;
				CLANG_ENABLE_OBJC_ARC = YES;
				CLANG_WARN_BOOL_CONVERSION = YES;
				CLANG_WARN_CONSTANT_CONVERSION = YES;
				CLANG_WARN_DIRECT_OBJC_ISA_USAGE = YES_ERROR;
				CLANG_WARN_EMPTY_BODY = YES;
				CLANG_WARN_ENUM_CONVERSION = YES;
				CLANG_WARN_INT_CONVERSION = YES;
				CLANG_WARN_OBJC_ROOT_CLASS = YES_ERROR;
				CLANG_WARN_UNREACHABLE_CODE = YES;
				CLANG_WARN__DUPLICATE_METHOD_MATCH = YES;
				"CODE_SIGN_IDENTITY[sdk=iphoneos*]" = "iPhone Developer";
				COPY_PHASE_STRIP = NO;
				DEBUG_INFORMATION_FORMAT = "dwarf-with-dsym";
				ENABLE_STRICT_OBJC_MSGSEND = YES;
				GCC_C_LANGUAGE_STANDARD = gnu99;
				GCC_DYNAMIC_NO_PIC = NO;
				GCC_NO_COMMON_BLOCKS = YES;
				GCC_OPTIMIZATION_LEVEL = 0;
				GCC_PREPROCESSOR_DEFINITIONS = (
					"DEBUG=1",
					"$(inherited)",
				);
				GCC_SYMBOLS_PRIVATE_EXTERN = NO;
				GCC_WARN_64_TO_32_BIT_CONVERSION = YES;
				GCC_WARN_ABOUT_RETURN_TYPE = YES_ERROR;
				GCC_WARN_UNDECLARED_SELECTOR = YES;
				GCC_WARN_UNINITIALIZED_AUTOS = YES_AGGRESSIVE;
				GCC_WARN_UNUSED_FUNCTION = YES;
				GCC_WARN_UNUSED_VARIABLE = YES;
				IPHONEOS_DEPLOYMENT_TARGET = 6.1;
				MTL_ENABLE_DEBUG_INFO = YES;
				ONLY_ACTIVE_ARCH = YES;
				SDKROOT = iphoneos;
			};
			name = Debug;
		};
		6E451AF61B88AE4D007188AB /* Release */ = {
			isa = XCBuildConfiguration;
			buildSettings = {
				ALWAYS_SEARCH_USER_PATHS = NO;
				CLANG_CXX_LANGUAGE_STANDARD = "gnu++0x";
				CLANG_CXX_LIBRARY = "libc++";
				CLANG_ENABLE_MODULES = YES;
				CLANG_ENABLE_OBJC_ARC = YES;
				CLANG_WARN_BOOL_CONVERSION = YES;
				CLANG_WARN_CONSTANT_CONVERSION = YES;
				CLANG_WARN_DIRECT_OBJC_ISA_USAGE = YES_ERROR;
				CLANG_WARN_EMPTY_BODY = YES;
				CLANG_WARN_ENUM_CONVERSION = YES;
				CLANG_WARN_INT_CONVERSION = YES;
				CLANG_WARN_OBJC_ROOT_CLASS = YES_ERROR;
				CLANG_WARN_UNREACHABLE_CODE = YES;
				CLANG_WARN__DUPLICATE_METHOD_MATCH = YES;
				"CODE_SIGN_IDENTITY[sdk=iphoneos*]" = "iPhone Developer";
				COPY_PHASE_STRIP = NO;
				DEBUG_INFORMATION_FORMAT = "dwarf-with-dsym";
				ENABLE_NS_ASSERTIONS = NO;
				ENABLE_STRICT_OBJC_MSGSEND = YES;
				GCC_C_LANGUAGE_STANDARD = gnu99;
				GCC_NO_COMMON_BLOCKS = YES;
				GCC_WARN_64_TO_32_BIT_CONVERSION = YES;
				GCC_WARN_ABOUT_RETURN_TYPE = YES_ERROR;
				GCC_WARN_UNDECLARED_SELECTOR = YES;
				GCC_WARN_UNINITIALIZED_AUTOS = YES_AGGRESSIVE;
				GCC_WARN_UNUSED_FUNCTION = YES;
				GCC_WARN_UNUSED_VARIABLE = YES;
				IPHONEOS_DEPLOYMENT_TARGET = 6.1;
				MTL_ENABLE_DEBUG_INFO = NO;
				SDKROOT = iphoneos;
				VALIDATE_PRODUCT = YES;
			};
			name = Release;
		};
		6E451AF81B88AE4D007188AB /* Debug */ = {
			isa = XCBuildConfiguration;
			buildSettings = {
				ASSETCATALOG_COMPILER_APPICON_NAME = AppIcon;
				CODE_SIGN_IDENTITY = "iPhone Distribution: Emirates Airlines";
				ENABLE_BITCODE = NO;
				FRAMEWORK_SEARCH_PATHS = (
					"$(inherited)",
					"$(PROJECT_DIR)/DubaiConnect/Framework",
					/Users/Emirates/DBTrans/SampleFaceBook/SampleFaceBook,
					"$(PROJECT_DIR)/DubaiConnect/FrameWorks",
				);
				INFOPLIST_FILE = DubaiConnect/Info.plist;
				IPHONEOS_DEPLOYMENT_TARGET = 7.1;
				LD_RUNPATH_SEARCH_PATHS = "$(inherited) @executable_path/Frameworks";
				PRODUCT_BUNDLE_IDENTIFIER = com.emirates.ipad.ekapp;
				PRODUCT_NAME = "$(TARGET_NAME)";
				PROVISIONING_PROFILE = "cf7ea718-9d62-4f84-b7a1-148c46f2041f";
			};
			name = Debug;
		};
		6E451AF91B88AE4D007188AB /* Release */ = {
			isa = XCBuildConfiguration;
			buildSettings = {
				ASSETCATALOG_COMPILER_APPICON_NAME = AppIcon;
				CODE_SIGN_IDENTITY = "iPhone Distribution: Emirates Airlines";
				ENABLE_BITCODE = NO;
				FRAMEWORK_SEARCH_PATHS = (
					"$(inherited)",
					"$(PROJECT_DIR)/DubaiConnect/Framework",
					/Users/Emirates/DBTrans/SampleFaceBook/SampleFaceBook,
					"$(PROJECT_DIR)/DubaiConnect/FrameWorks",
				);
				INFOPLIST_FILE = DubaiConnect/Info.plist;
				IPHONEOS_DEPLOYMENT_TARGET = 7.1;
				LD_RUNPATH_SEARCH_PATHS = "$(inherited) @executable_path/Frameworks";
				PRODUCT_BUNDLE_IDENTIFIER = com.emirates.ipad.ekapp;
				PRODUCT_NAME = "$(TARGET_NAME)";
				PROVISIONING_PROFILE = "cf7ea718-9d62-4f84-b7a1-148c46f2041f";
			};
			name = Release;
		};
		6E451AFB1B88AE4D007188AB /* Debug */ = {
			isa = XCBuildConfiguration;
			buildSettings = {
				BUNDLE_LOADER = "$(TEST_HOST)";
				FRAMEWORK_SEARCH_PATHS = (
					"$(SDKROOT)/Developer/Library/Frameworks",
					"$(inherited)",
				);
				GCC_PREPROCESSOR_DEFINITIONS = (
					"DEBUG=1",
					"$(inherited)",
				);
				INFOPLIST_FILE = DubaiConnectTests/Info.plist;
				LD_RUNPATH_SEARCH_PATHS = "$(inherited) @executable_path/Frameworks @loader_path/Frameworks";
				PRODUCT_NAME = "$(TARGET_NAME)";
				TEST_HOST = "$(BUILT_PRODUCTS_DIR)/DubaiConnect.app/DubaiConnect";
			};
			name = Debug;
		};
		6E451AFC1B88AE4D007188AB /* Release */ = {
			isa = XCBuildConfiguration;
			buildSettings = {
				BUNDLE_LOADER = "$(TEST_HOST)";
				FRAMEWORK_SEARCH_PATHS = (
					"$(SDKROOT)/Developer/Library/Frameworks",
					"$(inherited)",
				);
				INFOPLIST_FILE = DubaiConnectTests/Info.plist;
				LD_RUNPATH_SEARCH_PATHS = "$(inherited) @executable_path/Frameworks @loader_path/Frameworks";
				PRODUCT_NAME = "$(TARGET_NAME)";
				TEST_HOST = "$(BUILT_PRODUCTS_DIR)/DubaiConnect.app/DubaiConnect";
			};
			name = Release;
		};
/* End XCBuildConfiguration section */

/* Begin XCConfigurationList section */
		6E451ACC1B88AE4D007188AB /* Build configuration list for PBXProject "DubaiConnect" */ = {
			isa = XCConfigurationList;
			buildConfigurations = (
				6E451AF51B88AE4D007188AB /* Debug */,
				6E451AF61B88AE4D007188AB /* Release */,
			);
			defaultConfigurationIsVisible = 0;
			defaultConfigurationName = Release;
		};
		6E451AF71B88AE4D007188AB /* Build configuration list for PBXNativeTarget "DubaiConnect" */ = {
			isa = XCConfigurationList;
			buildConfigurations = (
				6E451AF81B88AE4D007188AB /* Debug */,
				6E451AF91B88AE4D007188AB /* Release */,
			);
			defaultConfigurationIsVisible = 0;
			defaultConfigurationName = Release;
		};
		6E451AFA1B88AE4D007188AB /* Build configuration list for PBXNativeTarget "DubaiConnectTests" */ = {
			isa = XCConfigurationList;
			buildConfigurations = (
				6E451AFB1B88AE4D007188AB /* Debug */,
				6E451AFC1B88AE4D007188AB /* Release */,
			);
			defaultConfigurationIsVisible = 0;
			defaultConfigurationName = Release;
		};
/* End XCConfigurationList section */

/* Begin XCVersionGroup section */
		6E451ADB1B88AE4D007188AB /* DubaiConnect.xcdatamodeld */ = {
			isa = XCVersionGroup;
			children = (
				6E451ADC1B88AE4D007188AB /* DubaiConnect.xcdatamodel */,
			);
			currentVersion = 6E451ADC1B88AE4D007188AB /* DubaiConnect.xcdatamodel */;
			path = DubaiConnect.xcdatamodeld;
			sourceTree = "<group>";
			versionGroupType = wrapper.xcdatamodel;
		};
/* End XCVersionGroup section */
	};
	rootObject = 6E451AC91B88AE4D007188AB /* Project object */;
}
